PODS:
  - BSImagePicker (1.2.0):
    - UIImageViewModeScaleAspect (~> 1.3)
  - UIImageViewModeScaleAspect (1.3)

DEPENDENCIES:
  - BSImagePicker (from `../`)

EXTERNAL SOURCES:
  BSImagePicker:
    :path: "../"

SPEC CHECKSUMS:
  BSImagePicker: 1d01eb10fbd1067ab1191fd3db28ce7b4727995b
  UIImageViewModeScaleAspect: ec78901acfc20d3782154111a21d34390f8f71ad

COCOAPODS: 0.37.2
