PODS:
  - BSGridCollectionViewLayout (1.2.1)
  - BSImagePicker (2.8.0):
    - BSGridCollectionViewLayout (~> 1.2.0)
    - BSImageView (~> 1.0.0)
  - BSImageView (1.0.0)

DEPENDENCIES:
  - BSImagePicker (from `./`)

SPEC REPOS:
  https://github.com/cocoapods/specs.git:
    - BSGridCollectionViewLayout
    - BSImageView

EXTERNAL SOURCES:
  BSImagePicker:
    :path: "./"

SPEC CHECKSUMS:
  BSGridCollectionViewLayout: 1a7d6f30517d3c9d181774bc74be4dfcab7b8115
  BSImagePicker: b3e38f59ea8c79ce9c848d75239e8dd1f75f9982
  BSImageView: ed9c50d917111d8cac66c21c5a41c03f57908819

PODFILE CHECKSUM: 63d969a3f2dfa7a6c37f31de7279d2a43dd77a2d

COCOAPODS: 1.5.3
