// !$*UTF8*$!
{
	archiveVersion = 1;
	classes = {
	};
	objectVersion = 46;
	objects = {

/* Begin PBXBuildFile section */
		5509A41C192F9F4D006E4DA1 /* BSAssetModel.m in Sources */ = {isa = PBXBuildFile; fileRef = 5509A41B192F9F4D006E4DA1 /* BSAssetModel.m */; };
		5509A423192FA2FD006E4DA1 /* BSAlbumTableViewCellFactory.m in Sources */ = {isa = PBXBuildFile; fileRef = 5509A422192FA2FD006E4DA1 /* BSAlbumTableViewCellFactory.m */; };
		5509A42919301069006E4DA1 /* BSPhotoCollectionViewCellFactory.m in Sources */ = {isa = PBXBuildFile; fileRef = 5509A42819301069006E4DA1 /* BSPhotoCollectionViewCellFactory.m */; };
		5509A42D193010BC006E4DA1 /* BSPreviewCollectionViewCellFactory.m in Sources */ = {isa = PBXBuildFile; fileRef = 5509A42C193010BC006E4DA1 /* BSPreviewCollectionViewCellFactory.m */; };
		556AABA5197FCA8000D799F7 /* MediaPlayer.framework in Frameworks */ = {isa = PBXBuildFile; fileRef = 556AABA4197FCA8000D799F7 /* MediaPlayer.framework */; };
		556AABA81980641500D799F7 /* BSCameraView.m in Sources */ = {isa = PBXBuildFile; fileRef = 556AABA71980641500D799F7 /* BSCameraView.m */; };
		557BD8FF1962B607007A1C38 /* BSTableController.m in Sources */ = {isa = PBXBuildFile; fileRef = 557BD8FE1962B607007A1C38 /* BSTableController.m */; };
		558315E618F8192F00B54FE6 /* BSAlbumCell.m in Sources */ = {isa = PBXBuildFile; fileRef = 558315E518F8192F00B54FE6 /* BSAlbumCell.m */; };
		558315E918F8436E00B54FE6 /* BSPhotoCell.m in Sources */ = {isa = PBXBuildFile; fileRef = 558315E818F8436E00B54FE6 /* BSPhotoCell.m */; };
		5598296E1930ECDF00D68BD5 /* BSAssetsGroupModel.m in Sources */ = {isa = PBXBuildFile; fileRef = 5598296D1930ECDF00D68BD5 /* BSAssetsGroupModel.m */; };
		559829841931625B00D68BD5 /* BSImagePickerSettings.m in Sources */ = {isa = PBXBuildFile; fileRef = 559829831931625B00D68BD5 /* BSImagePickerSettings.m */; };
		55A11ED718FC440D00F28CA5 /* BSNumberedSelectionView.m in Sources */ = {isa = PBXBuildFile; fileRef = 55A11ED618FC440D00F28CA5 /* BSNumberedSelectionView.m */; };
		55A11EE118FC952D00F28CA5 /* UIViewController+BSImagePicker.m in Sources */ = {isa = PBXBuildFile; fileRef = 55A11EE018FC952D00F28CA5 /* UIViewController+BSImagePicker.m */; };
		55A11EE718FE75B300F28CA5 /* ALAsset+BSEqual.m in Sources */ = {isa = PBXBuildFile; fileRef = 55A11EE618FE75B300F28CA5 /* ALAsset+BSEqual.m */; };
		55A4258918FA8E6F00EF7E8F /* BSImagePickerController.m in Sources */ = {isa = PBXBuildFile; fileRef = 55A4258818FA8E6F00EF7E8F /* BSImagePickerController.m */; };
		55AD0D8E19408C7800BDC37F /* UIImageViewModeScaleAspect.m in Sources */ = {isa = PBXBuildFile; fileRef = 55AD0D8D19408C7800BDC37F /* UIImageViewModeScaleAspect.m */; };
		55C3BE6518EF632D00E601DE /* Foundation.framework in Frameworks */ = {isa = PBXBuildFile; fileRef = 55C3BE6418EF632D00E601DE /* Foundation.framework */; };
		55C3BE6718EF632D00E601DE /* CoreGraphics.framework in Frameworks */ = {isa = PBXBuildFile; fileRef = 55C3BE6618EF632D00E601DE /* CoreGraphics.framework */; };
		55C3BE6918EF632D00E601DE /* UIKit.framework in Frameworks */ = {isa = PBXBuildFile; fileRef = 55C3BE6818EF632D00E601DE /* UIKit.framework */; };
		55C3BE6F18EF632D00E601DE /* InfoPlist.strings in Resources */ = {isa = PBXBuildFile; fileRef = 55C3BE6D18EF632D00E601DE /* InfoPlist.strings */; };
		55C3BE7118EF632D00E601DE /* main.m in Sources */ = {isa = PBXBuildFile; fileRef = 55C3BE7018EF632D00E601DE /* main.m */; };
		55C3BE7518EF632D00E601DE /* BSAppDelegate.m in Sources */ = {isa = PBXBuildFile; fileRef = 55C3BE7418EF632D00E601DE /* BSAppDelegate.m */; };
		55C3BE7718EF632D00E601DE /* Images.xcassets in Resources */ = {isa = PBXBuildFile; fileRef = 55C3BE7618EF632D00E601DE /* Images.xcassets */; };
		55E9AFEE1964B62A000B4699 /* BSTableController+BSItemsModel.m in Sources */ = {isa = PBXBuildFile; fileRef = 55E9AFED1964B62A000B4699 /* BSTableController+BSItemsModel.m */; };
		55E9AFF11964B6B4000B4699 /* BSTableController+UITableView.m in Sources */ = {isa = PBXBuildFile; fileRef = 55E9AFF01964B6B4000B4699 /* BSTableController+UITableView.m */; };
		55E9AFF41964C470000B4699 /* BSVideoCell.m in Sources */ = {isa = PBXBuildFile; fileRef = 55E9AFF31964C470000B4699 /* BSVideoCell.m */; };
		55EC234518F1DB6A008F5A02 /* BSSpeechBubbleView.m in Sources */ = {isa = PBXBuildFile; fileRef = 55EC234418F1DB6A008F5A02 /* BSSpeechBubbleView.m */; };
		55EC235118F2F873008F5A02 /* BSTriangleView.m in Sources */ = {isa = PBXBuildFile; fileRef = 55EC235018F2F873008F5A02 /* BSTriangleView.m */; };
		BB2B90909814568BB3997E1A /* BSShrinkAnimator.m in Sources */ = {isa = PBXBuildFile; fileRef = BB2B99BEDF8860AD297EE80D /* BSShrinkAnimator.m */; };
		BB2B929FDF16F341870E5B2A /* BSPreviewController.m in Sources */ = {isa = PBXBuildFile; fileRef = BB2B980BF19D6B2C0E05F297 /* BSPreviewController.m */; };
		BB2B92A3E94AD0C3BF3D42D4 /* BSPhotosController+UICollectionView.m in Sources */ = {isa = PBXBuildFile; fileRef = BB2B98E9E8546E358C4B1234 /* BSPhotosController+UICollectionView.m */; };
		BB2B939921EFF103FA6E1864 /* BSPhotosController+PrivateMethods.m in Sources */ = {isa = PBXBuildFile; fileRef = BB2B9E67E9F4DCB27DB352AF /* BSPhotosController+PrivateMethods.m */; };
		BB2B93DC4B697E92438D302A /* BSCollectionController+UICollectionView.m in Sources */ = {isa = PBXBuildFile; fileRef = BB2B9E700546299C74447B70 /* BSCollectionController+UICollectionView.m */; };
		BB2B94E7BAF0BCCEEFAB30A3 /* BSCollectionController.m in Sources */ = {isa = PBXBuildFile; fileRef = BB2B95CED0C53BD14DE767C7 /* BSCollectionController.m */; };
		BB2B94F80589BF941548F2B6 /* BSExpandAnimator.m in Sources */ = {isa = PBXBuildFile; fileRef = BB2B90AF1CED4DE415FD931F /* BSExpandAnimator.m */; };
		BB2B9726523A57B047F419A1 /* BSPhotosController+BSItemsModel.m in Sources */ = {isa = PBXBuildFile; fileRef = BB2B9233DF13BD7F719BC475 /* BSPhotosController+BSItemsModel.m */; };
		BB2B992598FC83C26F7BCF0F /* ALAssetsGroup+Equal.m in Sources */ = {isa = PBXBuildFile; fileRef = BB2B9751359F9EC1A401B326 /* ALAssetsGroup+Equal.m */; };
		BB2B9A371C251850A91B9B5A /* BSPreviewController+UICollectionView.m in Sources */ = {isa = PBXBuildFile; fileRef = BB2B9F743F0F09AB616E3BCD /* BSPreviewController+UICollectionView.m */; };
		BB2B9B4E9F4BC435FF833E97 /* BSPhotosController.m in Sources */ = {isa = PBXBuildFile; fileRef = BB2B98057AD855E4FEC3A858 /* BSPhotosController.m */; };
		BB2B9DCAF191075A0904954F /* BSCollectionController+BSItemsModel.m in Sources */ = {isa = PBXBuildFile; fileRef = BB2B976AC6D4786AC6A996B0 /* BSCollectionController+BSItemsModel.m */; };
/* End PBXBuildFile section */

/* Begin PBXFileReference section */
		5509A411192F9B08006E4DA1 /* BSItemsModel.h */ = {isa = PBXFileReference; lastKnownFileType = sourcecode.c.h; path = BSItemsModel.h; sourceTree = "<group>"; };
		5509A412192F9B27006E4DA1 /* BSTableViewCellFactory.h */ = {isa = PBXFileReference; lastKnownFileType = sourcecode.c.h; path = BSTableViewCellFactory.h; sourceTree = "<group>"; };
		5509A413192F9C18006E4DA1 /* BSCollectionViewCellFactory.h */ = {isa = PBXFileReference; lastKnownFileType = sourcecode.c.h; path = BSCollectionViewCellFactory.h; sourceTree = "<group>"; };
		5509A41A192F9F4D006E4DA1 /* BSAssetModel.h */ = {isa = PBXFileReference; fileEncoding = 4; lastKnownFileType = sourcecode.c.h; path = BSAssetModel.h; sourceTree = "<group>"; };
		5509A41B192F9F4D006E4DA1 /* BSAssetModel.m */ = {isa = PBXFileReference; fileEncoding = 4; lastKnownFileType = sourcecode.c.objc; path = BSAssetModel.m; sourceTree = "<group>"; };
		5509A421192FA2FD006E4DA1 /* BSAlbumTableViewCellFactory.h */ = {isa = PBXFileReference; fileEncoding = 4; lastKnownFileType = sourcecode.c.h; path = BSAlbumTableViewCellFactory.h; sourceTree = "<group>"; };
		5509A422192FA2FD006E4DA1 /* BSAlbumTableViewCellFactory.m */ = {isa = PBXFileReference; fileEncoding = 4; lastKnownFileType = sourcecode.c.objc; path = BSAlbumTableViewCellFactory.m; sourceTree = "<group>"; };
		5509A42719301069006E4DA1 /* BSPhotoCollectionViewCellFactory.h */ = {isa = PBXFileReference; fileEncoding = 4; lastKnownFileType = sourcecode.c.h; path = BSPhotoCollectionViewCellFactory.h; sourceTree = "<group>"; };
		5509A42819301069006E4DA1 /* BSPhotoCollectionViewCellFactory.m */ = {isa = PBXFileReference; fileEncoding = 4; lastKnownFileType = sourcecode.c.objc; path = BSPhotoCollectionViewCellFactory.m; sourceTree = "<group>"; };
		5509A42B193010BC006E4DA1 /* BSPreviewCollectionViewCellFactory.h */ = {isa = PBXFileReference; fileEncoding = 4; lastKnownFileType = sourcecode.c.h; path = BSPreviewCollectionViewCellFactory.h; sourceTree = "<group>"; };
		5509A42C193010BC006E4DA1 /* BSPreviewCollectionViewCellFactory.m */ = {isa = PBXFileReference; fileEncoding = 4; lastKnownFileType = sourcecode.c.objc; path = BSPreviewCollectionViewCellFactory.m; sourceTree = "<group>"; };
		556AABA4197FCA8000D799F7 /* MediaPlayer.framework */ = {isa = PBXFileReference; lastKnownFileType = wrapper.framework; name = MediaPlayer.framework; path = System/Library/Frameworks/MediaPlayer.framework; sourceTree = SDKROOT; };
		556AABA61980641500D799F7 /* BSCameraView.h */ = {isa = PBXFileReference; fileEncoding = 4; lastKnownFileType = sourcecode.c.h; path = BSCameraView.h; sourceTree = "<group>"; };
		556AABA71980641500D799F7 /* BSCameraView.m */ = {isa = PBXFileReference; fileEncoding = 4; lastKnownFileType = sourcecode.c.objc; path = BSCameraView.m; sourceTree = "<group>"; };
		556E0CE219017470006F8F73 /* CoreFoundation.framework */ = {isa = PBXFileReference; lastKnownFileType = wrapper.framework; name = CoreFoundation.framework; path = System/Library/Frameworks/CoreFoundation.framework; sourceTree = SDKROOT; };
		557BD8FD1962B607007A1C38 /* BSTableController.h */ = {isa = PBXFileReference; fileEncoding = 4; lastKnownFileType = sourcecode.c.h; path = BSTableController.h; sourceTree = "<group>"; };
		557BD8FE1962B607007A1C38 /* BSTableController.m */ = {isa = PBXFileReference; fileEncoding = 4; lastKnownFileType = sourcecode.c.objc; path = BSTableController.m; sourceTree = "<group>"; };
		558315E418F8192F00B54FE6 /* BSAlbumCell.h */ = {isa = PBXFileReference; fileEncoding = 4; lastKnownFileType = sourcecode.c.h; path = BSAlbumCell.h; sourceTree = "<group>"; };
		558315E518F8192F00B54FE6 /* BSAlbumCell.m */ = {isa = PBXFileReference; fileEncoding = 4; lastKnownFileType = sourcecode.c.objc; path = BSAlbumCell.m; sourceTree = "<group>"; };
		558315E718F8436E00B54FE6 /* BSPhotoCell.h */ = {isa = PBXFileReference; fileEncoding = 4; lastKnownFileType = sourcecode.c.h; path = BSPhotoCell.h; sourceTree = "<group>"; };
		558315E818F8436E00B54FE6 /* BSPhotoCell.m */ = {isa = PBXFileReference; fileEncoding = 4; lastKnownFileType = sourcecode.c.objc; path = BSPhotoCell.m; sourceTree = "<group>"; };
		5598296C1930ECDF00D68BD5 /* BSAssetsGroupModel.h */ = {isa = PBXFileReference; fileEncoding = 4; lastKnownFileType = sourcecode.c.h; path = BSAssetsGroupModel.h; sourceTree = "<group>"; };
		5598296D1930ECDF00D68BD5 /* BSAssetsGroupModel.m */ = {isa = PBXFileReference; fileEncoding = 4; lastKnownFileType = sourcecode.c.objc; path = BSAssetsGroupModel.m; sourceTree = "<group>"; };
		559829801931507700D68BD5 /* BSItemsModelDelegate.h */ = {isa = PBXFileReference; lastKnownFileType = sourcecode.c.h; path = BSItemsModelDelegate.h; sourceTree = "<group>"; };
		559829821931625B00D68BD5 /* BSImagePickerSettings.h */ = {isa = PBXFileReference; fileEncoding = 4; lastKnownFileType = sourcecode.c.h; path = BSImagePickerSettings.h; sourceTree = "<group>"; };
		559829831931625B00D68BD5 /* BSImagePickerSettings.m */ = {isa = PBXFileReference; fileEncoding = 4; lastKnownFileType = sourcecode.c.objc; path = BSImagePickerSettings.m; sourceTree = "<group>"; };
		55A11ED518FC440D00F28CA5 /* BSNumberedSelectionView.h */ = {isa = PBXFileReference; fileEncoding = 4; lastKnownFileType = sourcecode.c.h; path = BSNumberedSelectionView.h; sourceTree = "<group>"; };
		55A11ED618FC440D00F28CA5 /* BSNumberedSelectionView.m */ = {isa = PBXFileReference; fileEncoding = 4; lastKnownFileType = sourcecode.c.objc; path = BSNumberedSelectionView.m; sourceTree = "<group>"; };
		55A11EDF18FC952D00F28CA5 /* UIViewController+BSImagePicker.h */ = {isa = PBXFileReference; fileEncoding = 4; lastKnownFileType = sourcecode.c.h; path = "UIViewController+BSImagePicker.h"; sourceTree = "<group>"; };
		55A11EE018FC952D00F28CA5 /* UIViewController+BSImagePicker.m */ = {isa = PBXFileReference; fileEncoding = 4; lastKnownFileType = sourcecode.c.objc; path = "UIViewController+BSImagePicker.m"; sourceTree = "<group>"; };
		55A11EE518FE75B300F28CA5 /* ALAsset+BSEqual.h */ = {isa = PBXFileReference; fileEncoding = 4; lastKnownFileType = sourcecode.c.h; path = "ALAsset+BSEqual.h"; sourceTree = "<group>"; };
		55A11EE618FE75B300F28CA5 /* ALAsset+BSEqual.m */ = {isa = PBXFileReference; fileEncoding = 4; lastKnownFileType = sourcecode.c.objc; path = "ALAsset+BSEqual.m"; sourceTree = "<group>"; };
		55A4258718FA8E6F00EF7E8F /* BSImagePickerController.h */ = {isa = PBXFileReference; fileEncoding = 4; lastKnownFileType = sourcecode.c.h; path = BSImagePickerController.h; sourceTree = "<group>"; };
		55A4258818FA8E6F00EF7E8F /* BSImagePickerController.m */ = {isa = PBXFileReference; fileEncoding = 4; lastKnownFileType = sourcecode.c.objc; path = BSImagePickerController.m; sourceTree = "<group>"; };
		55AD0D8C19408C7800BDC37F /* UIImageViewModeScaleAspect.h */ = {isa = PBXFileReference; fileEncoding = 4; lastKnownFileType = sourcecode.c.h; path = UIImageViewModeScaleAspect.h; sourceTree = "<group>"; };
		55AD0D8D19408C7800BDC37F /* UIImageViewModeScaleAspect.m */ = {isa = PBXFileReference; fileEncoding = 4; lastKnownFileType = sourcecode.c.objc; path = UIImageViewModeScaleAspect.m; sourceTree = "<group>"; };
		55C3BE6118EF632D00E601DE /* BSImagePicker.app */ = {isa = PBXFileReference; explicitFileType = wrapper.application; includeInIndex = 0; path = BSImagePicker.app; sourceTree = BUILT_PRODUCTS_DIR; };
		55C3BE6418EF632D00E601DE /* Foundation.framework */ = {isa = PBXFileReference; lastKnownFileType = wrapper.framework; name = Foundation.framework; path = System/Library/Frameworks/Foundation.framework; sourceTree = SDKROOT; };
		55C3BE6618EF632D00E601DE /* CoreGraphics.framework */ = {isa = PBXFileReference; lastKnownFileType = wrapper.framework; name = CoreGraphics.framework; path = System/Library/Frameworks/CoreGraphics.framework; sourceTree = SDKROOT; };
		55C3BE6818EF632D00E601DE /* UIKit.framework */ = {isa = PBXFileReference; lastKnownFileType = wrapper.framework; name = UIKit.framework; path = System/Library/Frameworks/UIKit.framework; sourceTree = SDKROOT; };
		55C3BE6C18EF632D00E601DE /* BSImagePicker-Info.plist */ = {isa = PBXFileReference; lastKnownFileType = text.plist.xml; path = "BSImagePicker-Info.plist"; sourceTree = "<group>"; };
		55C3BE6E18EF632D00E601DE /* en */ = {isa = PBXFileReference; lastKnownFileType = text.plist.strings; name = en; path = en.lproj/InfoPlist.strings; sourceTree = "<group>"; };
		55C3BE7018EF632D00E601DE /* main.m */ = {isa = PBXFileReference; lastKnownFileType = sourcecode.c.objc; path = main.m; sourceTree = "<group>"; };
		55C3BE7218EF632D00E601DE /* BSImagePicker-Prefix.pch */ = {isa = PBXFileReference; lastKnownFileType = sourcecode.c.h; path = "BSImagePicker-Prefix.pch"; sourceTree = "<group>"; };
		55C3BE7318EF632D00E601DE /* BSAppDelegate.h */ = {isa = PBXFileReference; lastKnownFileType = sourcecode.c.h; path = BSAppDelegate.h; sourceTree = "<group>"; };
		55C3BE7418EF632D00E601DE /* BSAppDelegate.m */ = {isa = PBXFileReference; lastKnownFileType = sourcecode.c.objc; path = BSAppDelegate.m; sourceTree = "<group>"; };
		55C3BE7618EF632D00E601DE /* Images.xcassets */ = {isa = PBXFileReference; lastKnownFileType = folder.assetcatalog; name = Images.xcassets; path = "Supporting Files/Images.xcassets"; sourceTree = "<group>"; };
		55C3BE7D18EF632D00E601DE /* XCTest.framework */ = {isa = PBXFileReference; lastKnownFileType = wrapper.framework; name = XCTest.framework; path = Library/Frameworks/XCTest.framework; sourceTree = DEVELOPER_DIR; };
		55CF229018FAD757003784D9 /* MessageUI.framework */ = {isa = PBXFileReference; lastKnownFileType = wrapper.framework; name = MessageUI.framework; path = System/Library/Frameworks/MessageUI.framework; sourceTree = SDKROOT; };
		55E9AFEC1964B62A000B4699 /* BSTableController+BSItemsModel.h */ = {isa = PBXFileReference; fileEncoding = 4; lastKnownFileType = sourcecode.c.h; path = "BSTableController+BSItemsModel.h"; sourceTree = "<group>"; };
		55E9AFED1964B62A000B4699 /* BSTableController+BSItemsModel.m */ = {isa = PBXFileReference; fileEncoding = 4; lastKnownFileType = sourcecode.c.objc; path = "BSTableController+BSItemsModel.m"; sourceTree = "<group>"; };
		55E9AFEF1964B6B4000B4699 /* BSTableController+UITableView.h */ = {isa = PBXFileReference; fileEncoding = 4; lastKnownFileType = sourcecode.c.h; path = "BSTableController+UITableView.h"; sourceTree = "<group>"; };
		55E9AFF01964B6B4000B4699 /* BSTableController+UITableView.m */ = {isa = PBXFileReference; fileEncoding = 4; lastKnownFileType = sourcecode.c.objc; path = "BSTableController+UITableView.m"; sourceTree = "<group>"; };
		55E9AFF21964C470000B4699 /* BSVideoCell.h */ = {isa = PBXFileReference; fileEncoding = 4; lastKnownFileType = sourcecode.c.h; path = BSVideoCell.h; sourceTree = "<group>"; };
		55E9AFF31964C470000B4699 /* BSVideoCell.m */ = {isa = PBXFileReference; fileEncoding = 4; lastKnownFileType = sourcecode.c.objc; path = BSVideoCell.m; sourceTree = "<group>"; };
		55EC234118F0A321008F5A02 /* AssetsLibrary.framework */ = {isa = PBXFileReference; lastKnownFileType = wrapper.framework; name = AssetsLibrary.framework; path = System/Library/Frameworks/AssetsLibrary.framework; sourceTree = SDKROOT; };
		55EC234318F1DB6A008F5A02 /* BSSpeechBubbleView.h */ = {isa = PBXFileReference; fileEncoding = 4; lastKnownFileType = sourcecode.c.h; path = BSSpeechBubbleView.h; sourceTree = "<group>"; };
		55EC234418F1DB6A008F5A02 /* BSSpeechBubbleView.m */ = {isa = PBXFileReference; fileEncoding = 4; lastKnownFileType = sourcecode.c.objc; path = BSSpeechBubbleView.m; sourceTree = "<group>"; };
		55EC234F18F2F873008F5A02 /* BSTriangleView.h */ = {isa = PBXFileReference; fileEncoding = 4; lastKnownFileType = sourcecode.c.h; path = BSTriangleView.h; sourceTree = "<group>"; };
		55EC235018F2F873008F5A02 /* BSTriangleView.m */ = {isa = PBXFileReference; fileEncoding = 4; lastKnownFileType = sourcecode.c.objc; path = BSTriangleView.m; sourceTree = "<group>"; };
		BB2B9033028BA2F8F9C5F5BA /* BSPhotosController+PrivateMethods.h */ = {isa = PBXFileReference; fileEncoding = 4; lastKnownFileType = sourcecode.c.h; path = "BSPhotosController+PrivateMethods.h"; sourceTree = "<group>"; };
		BB2B90AF1CED4DE415FD931F /* BSExpandAnimator.m */ = {isa = PBXFileReference; fileEncoding = 4; lastKnownFileType = sourcecode.c.objc; path = BSExpandAnimator.m; sourceTree = "<group>"; };
		BB2B90F9017BDA73DC835324 /* BSPreviewController.h */ = {isa = PBXFileReference; fileEncoding = 4; lastKnownFileType = sourcecode.c.h; path = BSPreviewController.h; sourceTree = "<group>"; };
		BB2B90FB1A88F5ED6BE18836 /* BSShrinkAnimator.h */ = {isa = PBXFileReference; fileEncoding = 4; lastKnownFileType = sourcecode.c.h; path = BSShrinkAnimator.h; sourceTree = "<group>"; };
		BB2B91147C9A9BC9858F630F /* BSCollectionController+BSItemsModel.h */ = {isa = PBXFileReference; fileEncoding = 4; lastKnownFileType = sourcecode.c.h; path = "BSCollectionController+BSItemsModel.h"; sourceTree = "<group>"; };
		BB2B912024F6ABA0C6B81DEF /* BSCollectionController.h */ = {isa = PBXFileReference; fileEncoding = 4; lastKnownFileType = sourcecode.c.h; path = BSCollectionController.h; sourceTree = "<group>"; };
		BB2B9233DF13BD7F719BC475 /* BSPhotosController+BSItemsModel.m */ = {isa = PBXFileReference; fileEncoding = 4; lastKnownFileType = sourcecode.c.objc; name = "BSPhotosController+BSItemsModel.m"; path = "../BSCollectionController/BSPhotosController+BSItemsModel.m"; sourceTree = "<group>"; };
		BB2B95CED0C53BD14DE767C7 /* BSCollectionController.m */ = {isa = PBXFileReference; fileEncoding = 4; lastKnownFileType = sourcecode.c.objc; path = BSCollectionController.m; sourceTree = "<group>"; };
		BB2B95FBF0CC2007FECB2C2F /* BSPreviewController+UICollectionView.h */ = {isa = PBXFileReference; fileEncoding = 4; lastKnownFileType = sourcecode.c.h; path = "BSPreviewController+UICollectionView.h"; sourceTree = "<group>"; };
		BB2B9751359F9EC1A401B326 /* ALAssetsGroup+Equal.m */ = {isa = PBXFileReference; fileEncoding = 4; lastKnownFileType = sourcecode.c.objc; path = "ALAssetsGroup+Equal.m"; sourceTree = "<group>"; };
		BB2B976AC6D4786AC6A996B0 /* BSCollectionController+BSItemsModel.m */ = {isa = PBXFileReference; fileEncoding = 4; lastKnownFileType = sourcecode.c.objc; path = "BSCollectionController+BSItemsModel.m"; sourceTree = "<group>"; };
		BB2B977CA5245E3C60FCCCF2 /* BSPhotosController+BSItemsModel.h */ = {isa = PBXFileReference; fileEncoding = 4; lastKnownFileType = sourcecode.c.h; name = "BSPhotosController+BSItemsModel.h"; path = "../BSCollectionController/BSPhotosController+BSItemsModel.h"; sourceTree = "<group>"; };
		BB2B97C6BB8931E76095B11D /* BSExpandAnimator.h */ = {isa = PBXFileReference; fileEncoding = 4; lastKnownFileType = sourcecode.c.h; path = BSExpandAnimator.h; sourceTree = "<group>"; };
		BB2B98057AD855E4FEC3A858 /* BSPhotosController.m */ = {isa = PBXFileReference; fileEncoding = 4; lastKnownFileType = sourcecode.c.objc; path = BSPhotosController.m; sourceTree = "<group>"; };
		BB2B980BF19D6B2C0E05F297 /* BSPreviewController.m */ = {isa = PBXFileReference; fileEncoding = 4; lastKnownFileType = sourcecode.c.objc; path = BSPreviewController.m; sourceTree = "<group>"; };
		BB2B98E9E8546E358C4B1234 /* BSPhotosController+UICollectionView.m */ = {isa = PBXFileReference; fileEncoding = 4; lastKnownFileType = sourcecode.c.objc; path = "BSPhotosController+UICollectionView.m"; sourceTree = "<group>"; };
		BB2B99BEDF8860AD297EE80D /* BSShrinkAnimator.m */ = {isa = PBXFileReference; fileEncoding = 4; lastKnownFileType = sourcecode.c.objc; path = BSShrinkAnimator.m; sourceTree = "<group>"; };
		BB2B9AFB1E146FCDEF4CB3CF /* ALAssetsGroup+Equal.h */ = {isa = PBXFileReference; fileEncoding = 4; lastKnownFileType = sourcecode.c.h; path = "ALAssetsGroup+Equal.h"; sourceTree = "<group>"; };
		BB2B9E67E9F4DCB27DB352AF /* BSPhotosController+PrivateMethods.m */ = {isa = PBXFileReference; fileEncoding = 4; lastKnownFileType = sourcecode.c.objc; path = "BSPhotosController+PrivateMethods.m"; sourceTree = "<group>"; };
		BB2B9E700546299C74447B70 /* BSCollectionController+UICollectionView.m */ = {isa = PBXFileReference; fileEncoding = 4; lastKnownFileType = sourcecode.c.objc; path = "BSCollectionController+UICollectionView.m"; sourceTree = "<group>"; };
		BB2B9F6CE1322BBD50645B6D /* BSCollectionController+UICollectionView.h */ = {isa = PBXFileReference; fileEncoding = 4; lastKnownFileType = sourcecode.c.h; path = "BSCollectionController+UICollectionView.h"; sourceTree = "<group>"; };
		BB2B9F7114419CA3D5B3BE3E /* BSPhotosController.h */ = {isa = PBXFileReference; fileEncoding = 4; lastKnownFileType = sourcecode.c.h; path = BSPhotosController.h; sourceTree = "<group>"; };
		BB2B9F733665175853AEAA5E /* BSPhotosController+UICollectionView.h */ = {isa = PBXFileReference; fileEncoding = 4; lastKnownFileType = sourcecode.c.h; path = "BSPhotosController+UICollectionView.h"; sourceTree = "<group>"; };
		BB2B9F743F0F09AB616E3BCD /* BSPreviewController+UICollectionView.m */ = {isa = PBXFileReference; fileEncoding = 4; lastKnownFileType = sourcecode.c.objc; path = "BSPreviewController+UICollectionView.m"; sourceTree = "<group>"; };
/* End PBXFileReference section */

/* Begin PBXFrameworksBuildPhase section */
		55C3BE5E18EF632D00E601DE /* Frameworks */ = {
			isa = PBXFrameworksBuildPhase;
			buildActionMask = 2147483647;
			files = (
				556AABA5197FCA8000D799F7 /* MediaPlayer.framework in Frameworks */,
				55C3BE6718EF632D00E601DE /* CoreGraphics.framework in Frameworks */,
				55C3BE6918EF632D00E601DE /* UIKit.framework in Frameworks */,
				55C3BE6518EF632D00E601DE /* Foundation.framework in Frameworks */,
			);
			runOnlyForDeploymentPostprocessing = 0;
		};
/* End PBXFrameworksBuildPhase section */

/* Begin PBXGroup section */
		5509A410192F9AAD006E4DA1 /* Protocol */ = {
			isa = PBXGroup;
			children = (
				5509A411192F9B08006E4DA1 /* BSItemsModel.h */,
				5509A412192F9B27006E4DA1 /* BSTableViewCellFactory.h */,
				5509A413192F9C18006E4DA1 /* BSCollectionViewCellFactory.h */,
				559829801931507700D68BD5 /* BSItemsModelDelegate.h */,
			);
			path = Protocol;
			sourceTree = "<group>";
		};
		5509A420192FA2D8006E4DA1 /* Factory */ = {
			isa = PBXGroup;
			children = (
				5509A421192FA2FD006E4DA1 /* BSAlbumTableViewCellFactory.h */,
				5509A422192FA2FD006E4DA1 /* BSAlbumTableViewCellFactory.m */,
				5509A42719301069006E4DA1 /* BSPhotoCollectionViewCellFactory.h */,
				5509A42819301069006E4DA1 /* BSPhotoCollectionViewCellFactory.m */,
				5509A42B193010BC006E4DA1 /* BSPreviewCollectionViewCellFactory.h */,
				5509A42C193010BC006E4DA1 /* BSPreviewCollectionViewCellFactory.m */,
			);
			path = Factory;
			sourceTree = "<group>";
		};
		559829811931623B00D68BD5 /* Singleton */ = {
			isa = PBXGroup;
			children = (
				559829821931625B00D68BD5 /* BSImagePickerSettings.h */,
				559829831931625B00D68BD5 /* BSImagePickerSettings.m */,
			);
			path = Singleton;
			sourceTree = "<group>";
		};
		55A11EDE18FC94ED00F28CA5 /* Category */ = {
			isa = PBXGroup;
			children = (
				55A11EDF18FC952D00F28CA5 /* UIViewController+BSImagePicker.h */,
				55A11EE018FC952D00F28CA5 /* UIViewController+BSImagePicker.m */,
				55A11EE518FE75B300F28CA5 /* ALAsset+BSEqual.h */,
				55A11EE618FE75B300F28CA5 /* ALAsset+BSEqual.m */,
				BB2B9751359F9EC1A401B326 /* ALAssetsGroup+Equal.m */,
				BB2B9AFB1E146FCDEF4CB3CF /* ALAssetsGroup+Equal.h */,
				55E9AFEB1964B5C7000B4699 /* BSTableController */,
				BB2B95610ABCEF708B82FD10 /* BSPhotosController */,
				BB2B98487096DCF720E55BB5 /* BSCollectionController */,
				BB2B95282F0FFF83A04B49B5 /* BSPreviewController */,
			);
			path = Category;
			sourceTree = "<group>";
		};
		55C3BE5818EF632D00E601DE = {
			isa = PBXGroup;
			children = (
				55C3BE6A18EF632D00E601DE /* BSImagePicker */,
				55C3BE6318EF632D00E601DE /* Frameworks */,
				55C3BE6218EF632D00E601DE /* Products */,
			);
			sourceTree = "<group>";
		};
		55C3BE6218EF632D00E601DE /* Products */ = {
			isa = PBXGroup;
			children = (
				55C3BE6118EF632D00E601DE /* BSImagePicker.app */,
			);
			name = Products;
			sourceTree = "<group>";
		};
		55C3BE6318EF632D00E601DE /* Frameworks */ = {
			isa = PBXGroup;
			children = (
				556AABA4197FCA8000D799F7 /* MediaPlayer.framework */,
				55CF229018FAD757003784D9 /* MessageUI.framework */,
				55EC234118F0A321008F5A02 /* AssetsLibrary.framework */,
				55C3BE6418EF632D00E601DE /* Foundation.framework */,
				55C3BE6618EF632D00E601DE /* CoreGraphics.framework */,
				55C3BE6818EF632D00E601DE /* UIKit.framework */,
				55C3BE7D18EF632D00E601DE /* XCTest.framework */,
				556E0CE219017470006F8F73 /* CoreFoundation.framework */,
			);
			name = Frameworks;
			sourceTree = "<group>";
		};
		55C3BE6A18EF632D00E601DE /* BSImagePicker */ = {
			isa = PBXGroup;
			children = (
				559829811931623B00D68BD5 /* Singleton */,
				5509A420192FA2D8006E4DA1 /* Factory */,
				5509A410192F9AAD006E4DA1 /* Protocol */,
				55A11EDE18FC94ED00F28CA5 /* Category */,
				55EC233918EF6AEB008F5A02 /* Model */,
				55EC233A18EF6AEB008F5A02 /* View */,
				55EC233718EF6AEB008F5A02 /* Controller */,
				55EC233818EF6AEB008F5A02 /* Misc */,
				55C3BE6B18EF632D00E601DE /* Supporting Files */,
				BB2B9A354CAC089377BA84F1 /* Animator */,
			);
			path = BSImagePicker;
			sourceTree = "<group>";
		};
		55C3BE6B18EF632D00E601DE /* Supporting Files */ = {
			isa = PBXGroup;
			children = (
				55C3BE7618EF632D00E601DE /* Images.xcassets */,
				55C3BE6D18EF632D00E601DE /* InfoPlist.strings */,
			);
			name = "Supporting Files";
			sourceTree = "<group>";
		};
		55E9AFEB1964B5C7000B4699 /* BSTableController */ = {
			isa = PBXGroup;
			children = (
				55E9AFEC1964B62A000B4699 /* BSTableController+BSItemsModel.h */,
				55E9AFED1964B62A000B4699 /* BSTableController+BSItemsModel.m */,
				55E9AFEF1964B6B4000B4699 /* BSTableController+UITableView.h */,
				55E9AFF01964B6B4000B4699 /* BSTableController+UITableView.m */,
			);
			path = BSTableController;
			sourceTree = "<group>";
		};
		55EC233718EF6AEB008F5A02 /* Controller */ = {
			isa = PBXGroup;
			children = (
				55C3BE7318EF632D00E601DE /* BSAppDelegate.h */,
				55C3BE7418EF632D00E601DE /* BSAppDelegate.m */,
				55A4258718FA8E6F00EF7E8F /* BSImagePickerController.h */,
				55A4258818FA8E6F00EF7E8F /* BSImagePickerController.m */,
				BB2B98057AD855E4FEC3A858 /* BSPhotosController.m */,
				BB2B9F7114419CA3D5B3BE3E /* BSPhotosController.h */,
				BB2B95CED0C53BD14DE767C7 /* BSCollectionController.m */,
				BB2B912024F6ABA0C6B81DEF /* BSCollectionController.h */,
				BB2B980BF19D6B2C0E05F297 /* BSPreviewController.m */,
				BB2B90F9017BDA73DC835324 /* BSPreviewController.h */,
				557BD8FD1962B607007A1C38 /* BSTableController.h */,
				557BD8FE1962B607007A1C38 /* BSTableController.m */,
			);
			path = Controller;
			sourceTree = "<group>";
		};
		55EC233818EF6AEB008F5A02 /* Misc */ = {
			isa = PBXGroup;
			children = (
				55C3BE6C18EF632D00E601DE /* BSImagePicker-Info.plist */,
				55C3BE7018EF632D00E601DE /* main.m */,
				55C3BE7218EF632D00E601DE /* BSImagePicker-Prefix.pch */,
			);
			path = Misc;
			sourceTree = "<group>";
		};
		55EC233918EF6AEB008F5A02 /* Model */ = {
			isa = PBXGroup;
			children = (
				5509A41A192F9F4D006E4DA1 /* BSAssetModel.h */,
				5509A41B192F9F4D006E4DA1 /* BSAssetModel.m */,
				5598296C1930ECDF00D68BD5 /* BSAssetsGroupModel.h */,
				5598296D1930ECDF00D68BD5 /* BSAssetsGroupModel.m */,
			);
			path = Model;
			sourceTree = "<group>";
		};
		55EC233A18EF6AEB008F5A02 /* View */ = {
			isa = PBXGroup;
			children = (
				55EC234318F1DB6A008F5A02 /* BSSpeechBubbleView.h */,
				55EC234418F1DB6A008F5A02 /* BSSpeechBubbleView.m */,
				55EC234F18F2F873008F5A02 /* BSTriangleView.h */,
				55EC235018F2F873008F5A02 /* BSTriangleView.m */,
				558315E418F8192F00B54FE6 /* BSAlbumCell.h */,
				558315E518F8192F00B54FE6 /* BSAlbumCell.m */,
				558315E718F8436E00B54FE6 /* BSPhotoCell.h */,
				558315E818F8436E00B54FE6 /* BSPhotoCell.m */,
				55A11ED518FC440D00F28CA5 /* BSNumberedSelectionView.h */,
				55A11ED618FC440D00F28CA5 /* BSNumberedSelectionView.m */,
				55E9AFF21964C470000B4699 /* BSVideoCell.h */,
				55E9AFF31964C470000B4699 /* BSVideoCell.m */,
				556AABA61980641500D799F7 /* BSCameraView.h */,
				556AABA71980641500D799F7 /* BSCameraView.m */,
			);
			path = View;
			sourceTree = "<group>";
		};
		BB2B95282F0FFF83A04B49B5 /* BSPreviewController */ = {
			isa = PBXGroup;
			children = (
				BB2B9F743F0F09AB616E3BCD /* BSPreviewController+UICollectionView.m */,
				BB2B95FBF0CC2007FECB2C2F /* BSPreviewController+UICollectionView.h */,
			);
			path = BSPreviewController;
			sourceTree = "<group>";
		};
		BB2B95610ABCEF708B82FD10 /* BSPhotosController */ = {
			isa = PBXGroup;
			children = (
				BB2B977CA5245E3C60FCCCF2 /* BSPhotosController+BSItemsModel.h */,
				BB2B9233DF13BD7F719BC475 /* BSPhotosController+BSItemsModel.m */,
				BB2B9E67E9F4DCB27DB352AF /* BSPhotosController+PrivateMethods.m */,
				BB2B9033028BA2F8F9C5F5BA /* BSPhotosController+PrivateMethods.h */,
				BB2B98E9E8546E358C4B1234 /* BSPhotosController+UICollectionView.m */,
				BB2B9F733665175853AEAA5E /* BSPhotosController+UICollectionView.h */,
			);
			path = BSPhotosController;
			sourceTree = "<group>";
		};
		BB2B98487096DCF720E55BB5 /* BSCollectionController */ = {
			isa = PBXGroup;
			children = (
				BB2B9E700546299C74447B70 /* BSCollectionController+UICollectionView.m */,
				BB2B9F6CE1322BBD50645B6D /* BSCollectionController+UICollectionView.h */,
				BB2B976AC6D4786AC6A996B0 /* BSCollectionController+BSItemsModel.m */,
				BB2B91147C9A9BC9858F630F /* BSCollectionController+BSItemsModel.h */,
			);
			path = BSCollectionController;
			sourceTree = "<group>";
		};
		BB2B9A354CAC089377BA84F1 /* Animator */ = {
			isa = PBXGroup;
			children = (
				55AD0D8C19408C7800BDC37F /* UIImageViewModeScaleAspect.h */,
				55AD0D8D19408C7800BDC37F /* UIImageViewModeScaleAspect.m */,
				BB2B90AF1CED4DE415FD931F /* BSExpandAnimator.m */,
				BB2B97C6BB8931E76095B11D /* BSExpandAnimator.h */,
				BB2B99BEDF8860AD297EE80D /* BSShrinkAnimator.m */,
				BB2B90FB1A88F5ED6BE18836 /* BSShrinkAnimator.h */,
			);
			path = Animator;
			sourceTree = "<group>";
		};
/* End PBXGroup section */

/* Begin PBXNativeTarget section */
		55C3BE6018EF632D00E601DE /* BSImagePicker */ = {
			isa = PBXNativeTarget;
			buildConfigurationList = 55C3BE8D18EF632D00E601DE /* Build configuration list for PBXNativeTarget "BSImagePicker" */;
			buildPhases = (
				55C3BE5D18EF632D00E601DE /* Sources */,
				55C3BE5E18EF632D00E601DE /* Frameworks */,
				55C3BE5F18EF632D00E601DE /* Resources */,
			);
			buildRules = (
			);
			dependencies = (
			);
			name = BSImagePicker;
			productName = MultipleImagePicker;
			productReference = 55C3BE6118EF632D00E601DE /* BSImagePicker.app */;
			productType = "com.apple.product-type.application";
		};
/* End PBXNativeTarget section */

/* Begin PBXProject section */
		55C3BE5918EF632D00E601DE /* Project object */ = {
			isa = PBXProject;
			attributes = {
				CLASSPREFIX = BS;
				LastUpgradeCheck = 0510;
				ORGANIZATIONNAME = "Joakim Gyllström";
			};
			buildConfigurationList = 55C3BE5C18EF632D00E601DE /* Build configuration list for PBXProject "BSImagePicker" */;
			compatibilityVersion = "Xcode 3.2";
			developmentRegion = English;
			hasScannedForEncodings = 0;
			knownRegions = (
				en,
			);
			mainGroup = 55C3BE5818EF632D00E601DE;
			productRefGroup = 55C3BE6218EF632D00E601DE /* Products */;
			projectDirPath = "";
			projectRoot = "";
			targets = (
				55C3BE6018EF632D00E601DE /* BSImagePicker */,
			);
		};
/* End PBXProject section */

/* Begin PBXResourcesBuildPhase section */
		55C3BE5F18EF632D00E601DE /* Resources */ = {
			isa = PBXResourcesBuildPhase;
			buildActionMask = 2147483647;
			files = (
				55C3BE6F18EF632D00E601DE /* InfoPlist.strings in Resources */,
				55C3BE7718EF632D00E601DE /* Images.xcassets in Resources */,
			);
			runOnlyForDeploymentPostprocessing = 0;
		};
/* End PBXResourcesBuildPhase section */

/* Begin PBXSourcesBuildPhase section */
		55C3BE5D18EF632D00E601DE /* Sources */ = {
			isa = PBXSourcesBuildPhase;
			buildActionMask = 2147483647;
			files = (
				55C3BE7118EF632D00E601DE /* main.m in Sources */,
				558315E618F8192F00B54FE6 /* BSAlbumCell.m in Sources */,
				55E9AFF41964C470000B4699 /* BSVideoCell.m in Sources */,
				559829841931625B00D68BD5 /* BSImagePickerSettings.m in Sources */,
				55A4258918FA8E6F00EF7E8F /* BSImagePickerController.m in Sources */,
				5509A42919301069006E4DA1 /* BSPhotoCollectionViewCellFactory.m in Sources */,
				55C3BE7518EF632D00E601DE /* BSAppDelegate.m in Sources */,
				55A11EE118FC952D00F28CA5 /* UIViewController+BSImagePicker.m in Sources */,
				55E9AFF11964B6B4000B4699 /* BSTableController+UITableView.m in Sources */,
				5509A42D193010BC006E4DA1 /* BSPreviewCollectionViewCellFactory.m in Sources */,
				558315E918F8436E00B54FE6 /* BSPhotoCell.m in Sources */,
				55A11EE718FE75B300F28CA5 /* ALAsset+BSEqual.m in Sources */,
				5509A423192FA2FD006E4DA1 /* BSAlbumTableViewCellFactory.m in Sources */,
				557BD8FF1962B607007A1C38 /* BSTableController.m in Sources */,
				55A11ED718FC440D00F28CA5 /* BSNumberedSelectionView.m in Sources */,
				5598296E1930ECDF00D68BD5 /* BSAssetsGroupModel.m in Sources */,
				5509A41C192F9F4D006E4DA1 /* BSAssetModel.m in Sources */,
				55EC234518F1DB6A008F5A02 /* BSSpeechBubbleView.m in Sources */,
				556AABA81980641500D799F7 /* BSCameraView.m in Sources */,
				55EC235118F2F873008F5A02 /* BSTriangleView.m in Sources */,
				55AD0D8E19408C7800BDC37F /* UIImageViewModeScaleAspect.m in Sources */,
				BB2B992598FC83C26F7BCF0F /* ALAssetsGroup+Equal.m in Sources */,
				BB2B9B4E9F4BC435FF833E97 /* BSPhotosController.m in Sources */,
				BB2B94E7BAF0BCCEEFAB30A3 /* BSCollectionController.m in Sources */,
				BB2B929FDF16F341870E5B2A /* BSPreviewController.m in Sources */,
				BB2B93DC4B697E92438D302A /* BSCollectionController+UICollectionView.m in Sources */,
				BB2B9726523A57B047F419A1 /* BSPhotosController+BSItemsModel.m in Sources */,
				BB2B9DCAF191075A0904954F /* BSCollectionController+BSItemsModel.m in Sources */,
				BB2B94F80589BF941548F2B6 /* BSExpandAnimator.m in Sources */,
				BB2B90909814568BB3997E1A /* BSShrinkAnimator.m in Sources */,
				BB2B939921EFF103FA6E1864 /* BSPhotosController+PrivateMethods.m in Sources */,
				BB2B92A3E94AD0C3BF3D42D4 /* BSPhotosController+UICollectionView.m in Sources */,
				55E9AFEE1964B62A000B4699 /* BSTableController+BSItemsModel.m in Sources */,
				BB2B9A371C251850A91B9B5A /* BSPreviewController+UICollectionView.m in Sources */,
			);
			runOnlyForDeploymentPostprocessing = 0;
		};
/* End PBXSourcesBuildPhase section */

/* Begin PBXVariantGroup section */
		55C3BE6D18EF632D00E601DE /* InfoPlist.strings */ = {
			isa = PBXVariantGroup;
			children = (
				55C3BE6E18EF632D00E601DE /* en */,
			);
			name = InfoPlist.strings;
			sourceTree = "<group>";
		};
/* End PBXVariantGroup section */

/* Begin XCBuildConfiguration section */
		55C3BE8B18EF632D00E601DE /* Debug */ = {
			isa = XCBuildConfiguration;
			buildSettings = {
				ALWAYS_SEARCH_USER_PATHS = NO;
				CLANG_CXX_LANGUAGE_STANDARD = "gnu++0x";
				CLANG_CXX_LIBRARY = "libc++";
				CLANG_ENABLE_MODULES = YES;
				CLANG_ENABLE_OBJC_ARC = YES;
				CLANG_WARN_BOOL_CONVERSION = YES;
				CLANG_WARN_CONSTANT_CONVERSION = YES;
				CLANG_WARN_DIRECT_OBJC_ISA_USAGE = YES_ERROR;
				CLANG_WARN_EMPTY_BODY = YES;
				CLANG_WARN_ENUM_CONVERSION = YES;
				CLANG_WARN_INT_CONVERSION = YES;
				CLANG_WARN_OBJC_ROOT_CLASS = YES_ERROR;
				CLANG_WARN__DUPLICATE_METHOD_MATCH = YES;
				"CODE_SIGN_IDENTITY[sdk=iphoneos*]" = "iPhone Developer";
				COPY_PHASE_STRIP = NO;
				GCC_C_LANGUAGE_STANDARD = gnu99;
				GCC_DYNAMIC_NO_PIC = NO;
				GCC_OPTIMIZATION_LEVEL = 0;
				GCC_PREPROCESSOR_DEFINITIONS = (
					"DEBUG=1",
					"$(inherited)",
				);
				GCC_SYMBOLS_PRIVATE_EXTERN = NO;
				GCC_WARN_64_TO_32_BIT_CONVERSION = YES;
				GCC_WARN_ABOUT_RETURN_TYPE = YES_ERROR;
				GCC_WARN_UNDECLARED_SELECTOR = YES;
				GCC_WARN_UNINITIALIZED_AUTOS = YES_AGGRESSIVE;
				GCC_WARN_UNUSED_FUNCTION = YES;
				GCC_WARN_UNUSED_VARIABLE = YES;
				IPHONEOS_DEPLOYMENT_TARGET = 7.1;
				ONLY_ACTIVE_ARCH = YES;
				SDKROOT = iphoneos;
				TARGETED_DEVICE_FAMILY = "1,2";
			};
			name = Debug;
		};
		55C3BE8C18EF632D00E601DE /* Release */ = {
			isa = XCBuildConfiguration;
			buildSettings = {
				ALWAYS_SEARCH_USER_PATHS = NO;
				CLANG_CXX_LANGUAGE_STANDARD = "gnu++0x";
				CLANG_CXX_LIBRARY = "libc++";
				CLANG_ENABLE_MODULES = YES;
				CLANG_ENABLE_OBJC_ARC = YES;
				CLANG_WARN_BOOL_CONVERSION = YES;
				CLANG_WARN_CONSTANT_CONVERSION = YES;
				CLANG_WARN_DIRECT_OBJC_ISA_USAGE = YES_ERROR;
				CLANG_WARN_EMPTY_BODY = YES;
				CLANG_WARN_ENUM_CONVERSION = YES;
				CLANG_WARN_INT_CONVERSION = YES;
				CLANG_WARN_OBJC_ROOT_CLASS = YES_ERROR;
				CLANG_WARN__DUPLICATE_METHOD_MATCH = YES;
				"CODE_SIGN_IDENTITY[sdk=iphoneos*]" = "iPhone Developer";
				COPY_PHASE_STRIP = YES;
				ENABLE_NS_ASSERTIONS = NO;
				GCC_C_LANGUAGE_STANDARD = gnu99;
				GCC_WARN_64_TO_32_BIT_CONVERSION = YES;
				GCC_WARN_ABOUT_RETURN_TYPE = YES_ERROR;
				GCC_WARN_UNDECLARED_SELECTOR = YES;
				GCC_WARN_UNINITIALIZED_AUTOS = YES_AGGRESSIVE;
				GCC_WARN_UNUSED_FUNCTION = YES;
				GCC_WARN_UNUSED_VARIABLE = YES;
				IPHONEOS_DEPLOYMENT_TARGET = 7.1;
				SDKROOT = iphoneos;
				TARGETED_DEVICE_FAMILY = "1,2";
				VALIDATE_PRODUCT = YES;
			};
			name = Release;
		};
		55C3BE8E18EF632D00E601DE /* Debug */ = {
			isa = XCBuildConfiguration;
			buildSettings = {
				ALWAYS_SEARCH_USER_PATHS = NO;
				ASSETCATALOG_COMPILER_APPICON_NAME = AppIcon;
				ASSETCATALOG_COMPILER_LAUNCHIMAGE_NAME = LaunchImage;
				GCC_PRECOMPILE_PREFIX_HEADER = YES;
				GCC_PREFIX_HEADER = "BSImagePicker/Misc/BSImagePicker-Prefix.pch";
				INFOPLIST_FILE = "BSImagePicker/Misc/BSImagePicker-Info.plist";
				LIBRARY_SEARCH_PATHS = "$(inherited)";
				OTHER_LDFLAGS = "-ObjC";
				PRODUCT_NAME = BSImagePicker;
				USER_HEADER_SEARCH_PATHS = "";
				WRAPPER_EXTENSION = app;
			};
			name = Debug;
		};
		55C3BE8F18EF632D00E601DE /* Release */ = {
			isa = XCBuildConfiguration;
			buildSettings = {
				ALWAYS_SEARCH_USER_PATHS = NO;
				ASSETCATALOG_COMPILER_APPICON_NAME = AppIcon;
				ASSETCATALOG_COMPILER_LAUNCHIMAGE_NAME = LaunchImage;
				GCC_PRECOMPILE_PREFIX_HEADER = YES;
				GCC_PREFIX_HEADER = "BSImagePicker/Misc/BSImagePicker-Prefix.pch";
				INFOPLIST_FILE = "BSImagePicker/Misc/BSImagePicker-Info.plist";
				LIBRARY_SEARCH_PATHS = "$(inherited)";
				OTHER_LDFLAGS = "-ObjC";
				PRODUCT_NAME = BSImagePicker;
				USER_HEADER_SEARCH_PATHS = "";
				WRAPPER_EXTENSION = app;
			};
			name = Release;
		};
/* End XCBuildConfiguration section */

/* Begin XCConfigurationList section */
		55C3BE5C18EF632D00E601DE /* Build configuration list for PBXProject "BSImagePicker" */ = {
			isa = XCConfigurationList;
			buildConfigurations = (
				55C3BE8B18EF632D00E601DE /* Debug */,
				55C3BE8C18EF632D00E601DE /* Release */,
			);
			defaultConfigurationIsVisible = 0;
			defaultConfigurationName = Release;
		};
		55C3BE8D18EF632D00E601DE /* Build configuration list for PBXNativeTarget "BSImagePicker" */ = {
			isa = XCConfigurationList;
			buildConfigurations = (
				55C3BE8E18EF632D00E601DE /* Debug */,
				55C3BE8F18EF632D00E601DE /* Release */,
			);
			defaultConfigurationIsVisible = 0;
			defaultConfigurationName = Release;
		};
/* End XCConfigurationList section */
	};
	rootObject = 55C3BE5918EF632D00E601DE /* Project object */;
}
