// !$*UTF8*$!
{
	archiveVersion = 1;
	classes = {
	};
	objectVersion = 46;
	objects = {

/* Begin PBXBuildFile section */
		558315E618F8192F00B54FE6 /* BSAlbumCell.m in Sources */ = {isa = PBXBuildFile; fileRef = 558315E518F8192F00B54FE6 /* BSAlbumCell.m */; };
		558315E918F8436E00B54FE6 /* BSPhotoCell.m in Sources */ = {isa = PBXBuildFile; fileRef = 558315E818F8436E00B54FE6 /* BSPhotoCell.m */; };
		55A11ED718FC440D00F28CA5 /* BSCheckmarkView.m in Sources */ = {isa = PBXBuildFile; fileRef = 55A11ED618FC440D00F28CA5 /* BSCheckmarkView.m */; };
		55A4258618FA8E4E00EF7E8F /* BSImagePreviewController.m in Sources */ = {isa = PBXBuildFile; fileRef = 55A4258518FA8E4E00EF7E8F /* BSImagePreviewController.m */; };
		55A4258918FA8E6F00EF7E8F /* BSImagePickerController.m in Sources */ = {isa = PBXBuildFile; fileRef = 55A4258818FA8E6F00EF7E8F /* BSImagePickerController.m */; };
		55C3BE6518EF632D00E601DE /* Foundation.framework in Frameworks */ = {isa = PBXBuildFile; fileRef = 55C3BE6418EF632D00E601DE /* Foundation.framework */; };
		55C3BE6718EF632D00E601DE /* CoreGraphics.framework in Frameworks */ = {isa = PBXBuildFile; fileRef = 55C3BE6618EF632D00E601DE /* CoreGraphics.framework */; };
		55C3BE6918EF632D00E601DE /* UIKit.framework in Frameworks */ = {isa = PBXBuildFile; fileRef = 55C3BE6818EF632D00E601DE /* UIKit.framework */; };
		55C3BE6F18EF632D00E601DE /* InfoPlist.strings in Resources */ = {isa = PBXBuildFile; fileRef = 55C3BE6D18EF632D00E601DE /* InfoPlist.strings */; };
		55C3BE7118EF632D00E601DE /* main.m in Sources */ = {isa = PBXBuildFile; fileRef = 55C3BE7018EF632D00E601DE /* main.m */; };
		55C3BE7518EF632D00E601DE /* BSAppDelegate.m in Sources */ = {isa = PBXBuildFile; fileRef = 55C3BE7418EF632D00E601DE /* BSAppDelegate.m */; };
		55C3BE7718EF632D00E601DE /* Images.xcassets in Resources */ = {isa = PBXBuildFile; fileRef = 55C3BE7618EF632D00E601DE /* Images.xcassets */; };
		55C3BE7E18EF632D00E601DE /* XCTest.framework in Frameworks */ = {isa = PBXBuildFile; fileRef = 55C3BE7D18EF632D00E601DE /* XCTest.framework */; };
		55C3BE7F18EF632D00E601DE /* Foundation.framework in Frameworks */ = {isa = PBXBuildFile; fileRef = 55C3BE6418EF632D00E601DE /* Foundation.framework */; };
		55C3BE8018EF632D00E601DE /* UIKit.framework in Frameworks */ = {isa = PBXBuildFile; fileRef = 55C3BE6818EF632D00E601DE /* UIKit.framework */; };
		55C3BE8818EF632D00E601DE /* InfoPlist.strings in Resources */ = {isa = PBXBuildFile; fileRef = 55C3BE8618EF632D00E601DE /* InfoPlist.strings */; };
		55CF228F18FAD752003784D9 /* CoreGraphics.framework in Frameworks */ = {isa = PBXBuildFile; fileRef = 55C3BE6618EF632D00E601DE /* CoreGraphics.framework */; };
		55CF229118FAD757003784D9 /* MessageUI.framework in Frameworks */ = {isa = PBXBuildFile; fileRef = 55CF229018FAD757003784D9 /* MessageUI.framework */; };
		55EC233D18F08F95008F5A02 /* MultipleImagePickerTests.m in Sources */ = {isa = PBXBuildFile; fileRef = 55C3BE8918EF632D00E601DE /* MultipleImagePickerTests.m */; };
		55EC234018F09340008F5A02 /* BSImageSelectionController.m in Sources */ = {isa = PBXBuildFile; fileRef = 55EC233F18F09340008F5A02 /* BSImageSelectionController.m */; };
		55EC234218F0A321008F5A02 /* AssetsLibrary.framework in Frameworks */ = {isa = PBXBuildFile; fileRef = 55EC234118F0A321008F5A02 /* AssetsLibrary.framework */; };
		55EC234518F1DB6A008F5A02 /* BSSpeechBubbleView.m in Sources */ = {isa = PBXBuildFile; fileRef = 55EC234418F1DB6A008F5A02 /* BSSpeechBubbleView.m */; };
		55EC235118F2F873008F5A02 /* BSTriangleView.m in Sources */ = {isa = PBXBuildFile; fileRef = 55EC235018F2F873008F5A02 /* BSTriangleView.m */; };
/* End PBXBuildFile section */

/* Begin PBXContainerItemProxy section */
		55C3BE8118EF632D00E601DE /* PBXContainerItemProxy */ = {
			isa = PBXContainerItemProxy;
			containerPortal = 55C3BE5918EF632D00E601DE /* Project object */;
			proxyType = 1;
			remoteGlobalIDString = 55C3BE6018EF632D00E601DE;
			remoteInfo = MultipleImagePicker;
		};
/* End PBXContainerItemProxy section */

/* Begin PBXFileReference section */
		558315E418F8192F00B54FE6 /* BSAlbumCell.h */ = {isa = PBXFileReference; fileEncoding = 4; lastKnownFileType = sourcecode.c.h; path = BSAlbumCell.h; sourceTree = "<group>"; };
		558315E518F8192F00B54FE6 /* BSAlbumCell.m */ = {isa = PBXFileReference; fileEncoding = 4; lastKnownFileType = sourcecode.c.objc; path = BSAlbumCell.m; sourceTree = "<group>"; };
		558315E718F8436E00B54FE6 /* BSPhotoCell.h */ = {isa = PBXFileReference; fileEncoding = 4; lastKnownFileType = sourcecode.c.h; path = BSPhotoCell.h; sourceTree = "<group>"; };
		558315E818F8436E00B54FE6 /* BSPhotoCell.m */ = {isa = PBXFileReference; fileEncoding = 4; lastKnownFileType = sourcecode.c.objc; path = BSPhotoCell.m; sourceTree = "<group>"; };
		55A11ED518FC440D00F28CA5 /* BSCheckmarkView.h */ = {isa = PBXFileReference; fileEncoding = 4; lastKnownFileType = sourcecode.c.h; path = BSCheckmarkView.h; sourceTree = "<group>"; };
		55A11ED618FC440D00F28CA5 /* BSCheckmarkView.m */ = {isa = PBXFileReference; fileEncoding = 4; lastKnownFileType = sourcecode.c.objc; path = BSCheckmarkView.m; sourceTree = "<group>"; };
		55A4258418FA8E4E00EF7E8F /* BSImagePreviewController.h */ = {isa = PBXFileReference; fileEncoding = 4; lastKnownFileType = sourcecode.c.h; path = BSImagePreviewController.h; sourceTree = "<group>"; };
		55A4258518FA8E4E00EF7E8F /* BSImagePreviewController.m */ = {isa = PBXFileReference; fileEncoding = 4; lastKnownFileType = sourcecode.c.objc; path = BSImagePreviewController.m; sourceTree = "<group>"; };
		55A4258718FA8E6F00EF7E8F /* BSImagePickerController.h */ = {isa = PBXFileReference; fileEncoding = 4; lastKnownFileType = sourcecode.c.h; path = BSImagePickerController.h; sourceTree = "<group>"; };
		55A4258818FA8E6F00EF7E8F /* BSImagePickerController.m */ = {isa = PBXFileReference; fileEncoding = 4; lastKnownFileType = sourcecode.c.objc; path = BSImagePickerController.m; sourceTree = "<group>"; };
		55C3BE6118EF632D00E601DE /* MultipleImagePicker.app */ = {isa = PBXFileReference; explicitFileType = wrapper.application; includeInIndex = 0; path = MultipleImagePicker.app; sourceTree = BUILT_PRODUCTS_DIR; };
		55C3BE6418EF632D00E601DE /* Foundation.framework */ = {isa = PBXFileReference; lastKnownFileType = wrapper.framework; name = Foundation.framework; path = System/Library/Frameworks/Foundation.framework; sourceTree = SDKROOT; };
		55C3BE6618EF632D00E601DE /* CoreGraphics.framework */ = {isa = PBXFileReference; lastKnownFileType = wrapper.framework; name = CoreGraphics.framework; path = System/Library/Frameworks/CoreGraphics.framework; sourceTree = SDKROOT; };
		55C3BE6818EF632D00E601DE /* UIKit.framework */ = {isa = PBXFileReference; lastKnownFileType = wrapper.framework; name = UIKit.framework; path = System/Library/Frameworks/UIKit.framework; sourceTree = SDKROOT; };
		55C3BE6C18EF632D00E601DE /* MultipleImagePicker-Info.plist */ = {isa = PBXFileReference; lastKnownFileType = text.plist.xml; path = "MultipleImagePicker-Info.plist"; sourceTree = "<group>"; };
		55C3BE6E18EF632D00E601DE /* en */ = {isa = PBXFileReference; lastKnownFileType = text.plist.strings; name = en; path = en.lproj/InfoPlist.strings; sourceTree = "<group>"; };
		55C3BE7018EF632D00E601DE /* main.m */ = {isa = PBXFileReference; lastKnownFileType = sourcecode.c.objc; path = main.m; sourceTree = "<group>"; };
		55C3BE7218EF632D00E601DE /* MultipleImagePicker-Prefix.pch */ = {isa = PBXFileReference; lastKnownFileType = sourcecode.c.h; path = "MultipleImagePicker-Prefix.pch"; sourceTree = "<group>"; };
		55C3BE7318EF632D00E601DE /* BSAppDelegate.h */ = {isa = PBXFileReference; lastKnownFileType = sourcecode.c.h; path = BSAppDelegate.h; sourceTree = "<group>"; };
		55C3BE7418EF632D00E601DE /* BSAppDelegate.m */ = {isa = PBXFileReference; lastKnownFileType = sourcecode.c.objc; path = BSAppDelegate.m; sourceTree = "<group>"; };
		55C3BE7618EF632D00E601DE /* Images.xcassets */ = {isa = PBXFileReference; lastKnownFileType = folder.assetcatalog; name = Images.xcassets; path = "Supporting Files/Images.xcassets"; sourceTree = "<group>"; };
		55C3BE7C18EF632D00E601DE /* MultipleImagePickerTests.xctest */ = {isa = PBXFileReference; explicitFileType = wrapper.cfbundle; includeInIndex = 0; path = MultipleImagePickerTests.xctest; sourceTree = BUILT_PRODUCTS_DIR; };
		55C3BE7D18EF632D00E601DE /* XCTest.framework */ = {isa = PBXFileReference; lastKnownFileType = wrapper.framework; name = XCTest.framework; path = Library/Frameworks/XCTest.framework; sourceTree = DEVELOPER_DIR; };
		55C3BE8518EF632D00E601DE /* MultipleImagePickerTests-Info.plist */ = {isa = PBXFileReference; lastKnownFileType = text.plist.xml; path = "MultipleImagePickerTests-Info.plist"; sourceTree = "<group>"; };
		55C3BE8718EF632D00E601DE /* en */ = {isa = PBXFileReference; lastKnownFileType = text.plist.strings; name = en; path = en.lproj/InfoPlist.strings; sourceTree = "<group>"; };
		55C3BE8918EF632D00E601DE /* MultipleImagePickerTests.m */ = {isa = PBXFileReference; lastKnownFileType = sourcecode.c.objc; path = MultipleImagePickerTests.m; sourceTree = "<group>"; };
		55CF229018FAD757003784D9 /* MessageUI.framework */ = {isa = PBXFileReference; lastKnownFileType = wrapper.framework; name = MessageUI.framework; path = System/Library/Frameworks/MessageUI.framework; sourceTree = SDKROOT; };
		55EC233E18F09340008F5A02 /* BSImageSelectionController.h */ = {isa = PBXFileReference; fileEncoding = 4; lastKnownFileType = sourcecode.c.h; path = BSImageSelectionController.h; sourceTree = "<group>"; };
		55EC233F18F09340008F5A02 /* BSImageSelectionController.m */ = {isa = PBXFileReference; fileEncoding = 4; lastKnownFileType = sourcecode.c.objc; path = BSImageSelectionController.m; sourceTree = "<group>"; };
		55EC234118F0A321008F5A02 /* AssetsLibrary.framework */ = {isa = PBXFileReference; lastKnownFileType = wrapper.framework; name = AssetsLibrary.framework; path = System/Library/Frameworks/AssetsLibrary.framework; sourceTree = SDKROOT; };
		55EC234318F1DB6A008F5A02 /* BSSpeechBubbleView.h */ = {isa = PBXFileReference; fileEncoding = 4; lastKnownFileType = sourcecode.c.h; path = BSSpeechBubbleView.h; sourceTree = "<group>"; };
		55EC234418F1DB6A008F5A02 /* BSSpeechBubbleView.m */ = {isa = PBXFileReference; fileEncoding = 4; lastKnownFileType = sourcecode.c.objc; path = BSSpeechBubbleView.m; sourceTree = "<group>"; };
		55EC234F18F2F873008F5A02 /* BSTriangleView.h */ = {isa = PBXFileReference; fileEncoding = 4; lastKnownFileType = sourcecode.c.h; path = BSTriangleView.h; sourceTree = "<group>"; };
		55EC235018F2F873008F5A02 /* BSTriangleView.m */ = {isa = PBXFileReference; fileEncoding = 4; lastKnownFileType = sourcecode.c.objc; path = BSTriangleView.m; sourceTree = "<group>"; };
/* End PBXFileReference section */

/* Begin PBXFrameworksBuildPhase section */
		55C3BE5E18EF632D00E601DE /* Frameworks */ = {
			isa = PBXFrameworksBuildPhase;
			buildActionMask = 2147483647;
			files = (
				55C3BE6718EF632D00E601DE /* CoreGraphics.framework in Frameworks */,
				55C3BE6918EF632D00E601DE /* UIKit.framework in Frameworks */,
				55C3BE6518EF632D00E601DE /* Foundation.framework in Frameworks */,
			);
			runOnlyForDeploymentPostprocessing = 0;
		};
		55C3BE7918EF632D00E601DE /* Frameworks */ = {
			isa = PBXFrameworksBuildPhase;
			buildActionMask = 2147483647;
			files = (
				55CF229118FAD757003784D9 /* MessageUI.framework in Frameworks */,
				55CF228F18FAD752003784D9 /* CoreGraphics.framework in Frameworks */,
				55EC234218F0A321008F5A02 /* AssetsLibrary.framework in Frameworks */,
				55C3BE7E18EF632D00E601DE /* XCTest.framework in Frameworks */,
				55C3BE8018EF632D00E601DE /* UIKit.framework in Frameworks */,
				55C3BE7F18EF632D00E601DE /* Foundation.framework in Frameworks */,
			);
			runOnlyForDeploymentPostprocessing = 0;
		};
/* End PBXFrameworksBuildPhase section */

/* Begin PBXGroup section */
		55C3BE5818EF632D00E601DE = {
			isa = PBXGroup;
			children = (
				55C3BE6A18EF632D00E601DE /* MultipleImagePicker */,
				55C3BE8318EF632D00E601DE /* MultipleImagePickerTests */,
				55C3BE6318EF632D00E601DE /* Frameworks */,
				55C3BE6218EF632D00E601DE /* Products */,
			);
			sourceTree = "<group>";
		};
		55C3BE6218EF632D00E601DE /* Products */ = {
			isa = PBXGroup;
			children = (
				55C3BE6118EF632D00E601DE /* MultipleImagePicker.app */,
				55C3BE7C18EF632D00E601DE /* MultipleImagePickerTests.xctest */,
			);
			name = Products;
			sourceTree = "<group>";
		};
		55C3BE6318EF632D00E601DE /* Frameworks */ = {
			isa = PBXGroup;
			children = (
				55CF229018FAD757003784D9 /* MessageUI.framework */,
				55EC234118F0A321008F5A02 /* AssetsLibrary.framework */,
				55C3BE6418EF632D00E601DE /* Foundation.framework */,
				55C3BE6618EF632D00E601DE /* CoreGraphics.framework */,
				55C3BE6818EF632D00E601DE /* UIKit.framework */,
				55C3BE7D18EF632D00E601DE /* XCTest.framework */,
			);
			name = Frameworks;
			sourceTree = "<group>";
		};
		55C3BE6A18EF632D00E601DE /* MultipleImagePicker */ = {
			isa = PBXGroup;
			children = (
				55EC233918EF6AEB008F5A02 /* Model */,
				55EC233A18EF6AEB008F5A02 /* View */,
				55EC233718EF6AEB008F5A02 /* Controller */,
				55EC233818EF6AEB008F5A02 /* Misc */,
				55C3BE6B18EF632D00E601DE /* Supporting Files */,
			);
			path = MultipleImagePicker;
			sourceTree = "<group>";
		};
		55C3BE6B18EF632D00E601DE /* Supporting Files */ = {
			isa = PBXGroup;
			children = (
				55C3BE7618EF632D00E601DE /* Images.xcassets */,
				55C3BE6D18EF632D00E601DE /* InfoPlist.strings */,
			);
			name = "Supporting Files";
			sourceTree = "<group>";
		};
		55C3BE8318EF632D00E601DE /* MultipleImagePickerTests */ = {
			isa = PBXGroup;
			children = (
				55C3BE8918EF632D00E601DE /* MultipleImagePickerTests.m */,
				55C3BE8418EF632D00E601DE /* Supporting Files */,
			);
			path = MultipleImagePickerTests;
			sourceTree = "<group>";
		};
		55C3BE8418EF632D00E601DE /* Supporting Files */ = {
			isa = PBXGroup;
			children = (
				55C3BE8518EF632D00E601DE /* MultipleImagePickerTests-Info.plist */,
				55C3BE8618EF632D00E601DE /* InfoPlist.strings */,
			);
			name = "Supporting Files";
			sourceTree = "<group>";
		};
		55EC233718EF6AEB008F5A02 /* Controller */ = {
			isa = PBXGroup;
			children = (
				55C3BE7318EF632D00E601DE /* BSAppDelegate.h */,
				55C3BE7418EF632D00E601DE /* BSAppDelegate.m */,
				55EC233E18F09340008F5A02 /* BSImageSelectionController.h */,
				55EC233F18F09340008F5A02 /* BSImageSelectionController.m */,
				55A4258418FA8E4E00EF7E8F /* BSImagePreviewController.h */,
				55A4258518FA8E4E00EF7E8F /* BSImagePreviewController.m */,
				55A4258718FA8E6F00EF7E8F /* BSImagePickerController.h */,
				55A4258818FA8E6F00EF7E8F /* BSImagePickerController.m */,
			);
			path = Controller;
			sourceTree = "<group>";
		};
		55EC233818EF6AEB008F5A02 /* Misc */ = {
			isa = PBXGroup;
			children = (
				55C3BE6C18EF632D00E601DE /* MultipleImagePicker-Info.plist */,
				55C3BE7018EF632D00E601DE /* main.m */,
				55C3BE7218EF632D00E601DE /* MultipleImagePicker-Prefix.pch */,
			);
			path = Misc;
			sourceTree = "<group>";
		};
		55EC233918EF6AEB008F5A02 /* Model */ = {
			isa = PBXGroup;
			children = (
			);
			path = Model;
			sourceTree = "<group>";
		};
		55EC233A18EF6AEB008F5A02 /* View */ = {
			isa = PBXGroup;
			children = (
				55EC234318F1DB6A008F5A02 /* BSSpeechBubbleView.h */,
				55EC234418F1DB6A008F5A02 /* BSSpeechBubbleView.m */,
				55EC234F18F2F873008F5A02 /* BSTriangleView.h */,
				55EC235018F2F873008F5A02 /* BSTriangleView.m */,
				558315E418F8192F00B54FE6 /* BSAlbumCell.h */,
				558315E518F8192F00B54FE6 /* BSAlbumCell.m */,
				558315E718F8436E00B54FE6 /* BSPhotoCell.h */,
				558315E818F8436E00B54FE6 /* BSPhotoCell.m */,
				55A11ED518FC440D00F28CA5 /* BSCheckmarkView.h */,
				55A11ED618FC440D00F28CA5 /* BSCheckmarkView.m */,
			);
			path = View;
			sourceTree = "<group>";
		};
/* End PBXGroup section */

/* Begin PBXNativeTarget section */
		55C3BE6018EF632D00E601DE /* MultipleImagePicker */ = {
			isa = PBXNativeTarget;
			buildConfigurationList = 55C3BE8D18EF632D00E601DE /* Build configuration list for PBXNativeTarget "MultipleImagePicker" */;
			buildPhases = (
				55C3BE5D18EF632D00E601DE /* Sources */,
				55C3BE5E18EF632D00E601DE /* Frameworks */,
				55C3BE5F18EF632D00E601DE /* Resources */,
			);
			buildRules = (
			);
			dependencies = (
			);
			name = MultipleImagePicker;
			productName = MultipleImagePicker;
			productReference = 55C3BE6118EF632D00E601DE /* MultipleImagePicker.app */;
			productType = "com.apple.product-type.application";
		};
		55C3BE7B18EF632D00E601DE /* MultipleImagePickerTests */ = {
			isa = PBXNativeTarget;
			buildConfigurationList = 55C3BE9018EF632D00E601DE /* Build configuration list for PBXNativeTarget "MultipleImagePickerTests" */;
			buildPhases = (
				55C3BE7818EF632D00E601DE /* Sources */,
				55C3BE7918EF632D00E601DE /* Frameworks */,
				55C3BE7A18EF632D00E601DE /* Resources */,
			);
			buildRules = (
			);
			dependencies = (
				55C3BE8218EF632D00E601DE /* PBXTargetDependency */,
			);
			name = MultipleImagePickerTests;
			productName = MultipleImagePickerTests;
			productReference = 55C3BE7C18EF632D00E601DE /* MultipleImagePickerTests.xctest */;
			productType = "com.apple.product-type.bundle.unit-test";
		};
/* End PBXNativeTarget section */

/* Begin PBXProject section */
		55C3BE5918EF632D00E601DE /* Project object */ = {
			isa = PBXProject;
			attributes = {
				CLASSPREFIX = BS;
				LastUpgradeCheck = 0510;
				ORGANIZATIONNAME = "Joakim Gyllström";
				TargetAttributes = {
					55C3BE7B18EF632D00E601DE = {
						TestTargetID = 55C3BE6018EF632D00E601DE;
					};
				};
			};
			buildConfigurationList = 55C3BE5C18EF632D00E601DE /* Build configuration list for PBXProject "MultipleImagePicker" */;
			compatibilityVersion = "Xcode 3.2";
			developmentRegion = English;
			hasScannedForEncodings = 0;
			knownRegions = (
				en,
			);
			mainGroup = 55C3BE5818EF632D00E601DE;
			productRefGroup = 55C3BE6218EF632D00E601DE /* Products */;
			projectDirPath = "";
			projectRoot = "";
			targets = (
				55C3BE6018EF632D00E601DE /* MultipleImagePicker */,
				55C3BE7B18EF632D00E601DE /* MultipleImagePickerTests */,
			);
		};
/* End PBXProject section */

/* Begin PBXResourcesBuildPhase section */
		55C3BE5F18EF632D00E601DE /* Resources */ = {
			isa = PBXResourcesBuildPhase;
			buildActionMask = 2147483647;
			files = (
				55C3BE6F18EF632D00E601DE /* InfoPlist.strings in Resources */,
				55C3BE7718EF632D00E601DE /* Images.xcassets in Resources */,
			);
			runOnlyForDeploymentPostprocessing = 0;
		};
		55C3BE7A18EF632D00E601DE /* Resources */ = {
			isa = PBXResourcesBuildPhase;
			buildActionMask = 2147483647;
			files = (
				55C3BE8818EF632D00E601DE /* InfoPlist.strings in Resources */,
			);
			runOnlyForDeploymentPostprocessing = 0;
		};
/* End PBXResourcesBuildPhase section */

/* Begin PBXSourcesBuildPhase section */
		55C3BE5D18EF632D00E601DE /* Sources */ = {
			isa = PBXSourcesBuildPhase;
			buildActionMask = 2147483647;
			files = (
				55C3BE7118EF632D00E601DE /* main.m in Sources */,
				558315E618F8192F00B54FE6 /* BSAlbumCell.m in Sources */,
				55A4258918FA8E6F00EF7E8F /* BSImagePickerController.m in Sources */,
				55C3BE7518EF632D00E601DE /* BSAppDelegate.m in Sources */,
				55A4258618FA8E4E00EF7E8F /* BSImagePreviewController.m in Sources */,
				558315E918F8436E00B54FE6 /* BSPhotoCell.m in Sources */,
				55EC234018F09340008F5A02 /* BSImageSelectionController.m in Sources */,
				55A11ED718FC440D00F28CA5 /* BSCheckmarkView.m in Sources */,
				55EC234518F1DB6A008F5A02 /* BSSpeechBubbleView.m in Sources */,
				55EC235118F2F873008F5A02 /* BSTriangleView.m in Sources */,
			);
			runOnlyForDeploymentPostprocessing = 0;
		};
		55C3BE7818EF632D00E601DE /* Sources */ = {
			isa = PBXSourcesBuildPhase;
			buildActionMask = 2147483647;
			files = (
				55EC233D18F08F95008F5A02 /* MultipleImagePickerTests.m in Sources */,
			);
			runOnlyForDeploymentPostprocessing = 0;
		};
/* End PBXSourcesBuildPhase section */

/* Begin PBXTargetDependency section */
		55C3BE8218EF632D00E601DE /* PBXTargetDependency */ = {
			isa = PBXTargetDependency;
			target = 55C3BE6018EF632D00E601DE /* MultipleImagePicker */;
			targetProxy = 55C3BE8118EF632D00E601DE /* PBXContainerItemProxy */;
		};
/* End PBXTargetDependency section */

/* Begin PBXVariantGroup section */
		55C3BE6D18EF632D00E601DE /* InfoPlist.strings */ = {
			isa = PBXVariantGroup;
			children = (
				55C3BE6E18EF632D00E601DE /* en */,
			);
			name = InfoPlist.strings;
			sourceTree = "<group>";
		};
		55C3BE8618EF632D00E601DE /* InfoPlist.strings */ = {
			isa = PBXVariantGroup;
			children = (
				55C3BE8718EF632D00E601DE /* en */,
			);
			name = InfoPlist.strings;
			sourceTree = "<group>";
		};
/* End PBXVariantGroup section */

/* Begin XCBuildConfiguration section */
		55C3BE8B18EF632D00E601DE /* Debug */ = {
			isa = XCBuildConfiguration;
			buildSettings = {
				ALWAYS_SEARCH_USER_PATHS = NO;
				CLANG_CXX_LANGUAGE_STANDARD = "gnu++0x";
				CLANG_CXX_LIBRARY = "libc++";
				CLANG_ENABLE_MODULES = YES;
				CLANG_ENABLE_OBJC_ARC = YES;
				CLANG_WARN_BOOL_CONVERSION = YES;
				CLANG_WARN_CONSTANT_CONVERSION = YES;
				CLANG_WARN_DIRECT_OBJC_ISA_USAGE = YES_ERROR;
				CLANG_WARN_EMPTY_BODY = YES;
				CLANG_WARN_ENUM_CONVERSION = YES;
				CLANG_WARN_INT_CONVERSION = YES;
				CLANG_WARN_OBJC_ROOT_CLASS = YES_ERROR;
				CLANG_WARN__DUPLICATE_METHOD_MATCH = YES;
				"CODE_SIGN_IDENTITY[sdk=iphoneos*]" = "iPhone Developer";
				COPY_PHASE_STRIP = NO;
				GCC_C_LANGUAGE_STANDARD = gnu99;
				GCC_DYNAMIC_NO_PIC = NO;
				GCC_OPTIMIZATION_LEVEL = 0;
				GCC_PREPROCESSOR_DEFINITIONS = (
					"DEBUG=1",
					"$(inherited)",
				);
				GCC_SYMBOLS_PRIVATE_EXTERN = NO;
				GCC_WARN_64_TO_32_BIT_CONVERSION = YES;
				GCC_WARN_ABOUT_RETURN_TYPE = YES_ERROR;
				GCC_WARN_UNDECLARED_SELECTOR = YES;
				GCC_WARN_UNINITIALIZED_AUTOS = YES_AGGRESSIVE;
				GCC_WARN_UNUSED_FUNCTION = YES;
				GCC_WARN_UNUSED_VARIABLE = YES;
				IPHONEOS_DEPLOYMENT_TARGET = 7.1;
				ONLY_ACTIVE_ARCH = YES;
				SDKROOT = iphoneos;
				TARGETED_DEVICE_FAMILY = "1,2";
			};
			name = Debug;
		};
		55C3BE8C18EF632D00E601DE /* Release */ = {
			isa = XCBuildConfiguration;
			buildSettings = {
				ALWAYS_SEARCH_USER_PATHS = NO;
				CLANG_CXX_LANGUAGE_STANDARD = "gnu++0x";
				CLANG_CXX_LIBRARY = "libc++";
				CLANG_ENABLE_MODULES = YES;
				CLANG_ENABLE_OBJC_ARC = YES;
				CLANG_WARN_BOOL_CONVERSION = YES;
				CLANG_WARN_CONSTANT_CONVERSION = YES;
				CLANG_WARN_DIRECT_OBJC_ISA_USAGE = YES_ERROR;
				CLANG_WARN_EMPTY_BODY = YES;
				CLANG_WARN_ENUM_CONVERSION = YES;
				CLANG_WARN_INT_CONVERSION = YES;
				CLANG_WARN_OBJC_ROOT_CLASS = YES_ERROR;
				CLANG_WARN__DUPLICATE_METHOD_MATCH = YES;
				"CODE_SIGN_IDENTITY[sdk=iphoneos*]" = "iPhone Developer";
				COPY_PHASE_STRIP = YES;
				ENABLE_NS_ASSERTIONS = NO;
				GCC_C_LANGUAGE_STANDARD = gnu99;
				GCC_WARN_64_TO_32_BIT_CONVERSION = YES;
				GCC_WARN_ABOUT_RETURN_TYPE = YES_ERROR;
				GCC_WARN_UNDECLARED_SELECTOR = YES;
				GCC_WARN_UNINITIALIZED_AUTOS = YES_AGGRESSIVE;
				GCC_WARN_UNUSED_FUNCTION = YES;
				GCC_WARN_UNUSED_VARIABLE = YES;
				IPHONEOS_DEPLOYMENT_TARGET = 7.1;
				SDKROOT = iphoneos;
				TARGETED_DEVICE_FAMILY = "1,2";
				VALIDATE_PRODUCT = YES;
			};
			name = Release;
		};
		55C3BE8E18EF632D00E601DE /* Debug */ = {
			isa = XCBuildConfiguration;
			buildSettings = {
				ALWAYS_SEARCH_USER_PATHS = YES;
				ASSETCATALOG_COMPILER_APPICON_NAME = AppIcon;
				ASSETCATALOG_COMPILER_LAUNCHIMAGE_NAME = LaunchImage;
				GCC_PRECOMPILE_PREFIX_HEADER = YES;
				GCC_PREFIX_HEADER = "MultipleImagePicker/Misc/MultipleImagePicker-Prefix.pch";
				INFOPLIST_FILE = "MultipleImagePicker/Misc/MultipleImagePicker-Info.plist";
				LIBRARY_SEARCH_PATHS = (
					"$(inherited)",
					"$(PROJECT_DIR)/MultipleImagePicker/Libs/BlocksKit",
					"$(PROJECT_DIR)/MultipleImagePicker/Libs",
				);
				OTHER_LDFLAGS = "-ObjC";
				PRODUCT_NAME = "$(TARGET_NAME)";
				USER_HEADER_SEARCH_PATHS = "$(SRCROOT)/MultipleImagePicker/Libs";
				WRAPPER_EXTENSION = app;
			};
			name = Debug;
		};
		55C3BE8F18EF632D00E601DE /* Release */ = {
			isa = XCBuildConfiguration;
			buildSettings = {
				ALWAYS_SEARCH_USER_PATHS = YES;
				ASSETCATALOG_COMPILER_APPICON_NAME = AppIcon;
				ASSETCATALOG_COMPILER_LAUNCHIMAGE_NAME = LaunchImage;
				GCC_PRECOMPILE_PREFIX_HEADER = YES;
				GCC_PREFIX_HEADER = "MultipleImagePicker/Misc/MultipleImagePicker-Prefix.pch";
				INFOPLIST_FILE = "MultipleImagePicker/Misc/MultipleImagePicker-Info.plist";
				LIBRARY_SEARCH_PATHS = (
					"$(inherited)",
					"$(PROJECT_DIR)/MultipleImagePicker/Libs/BlocksKit",
					"$(PROJECT_DIR)/MultipleImagePicker/Libs",
				);
				OTHER_LDFLAGS = "-ObjC";
				PRODUCT_NAME = "$(TARGET_NAME)";
				USER_HEADER_SEARCH_PATHS = "$(SRCROOT)/MultipleImagePicker/Libs";
				WRAPPER_EXTENSION = app;
			};
			name = Release;
		};
		55C3BE9118EF632D00E601DE /* Debug */ = {
			isa = XCBuildConfiguration;
			buildSettings = {
				BUNDLE_LOADER = "$(BUILT_PRODUCTS_DIR)/MultipleImagePicker.app/MultipleImagePicker";
				FRAMEWORK_SEARCH_PATHS = (
					"$(SDKROOT)/Developer/Library/Frameworks",
					"$(inherited)",
					"$(DEVELOPER_FRAMEWORKS_DIR)",
				);
				GCC_PRECOMPILE_PREFIX_HEADER = YES;
				GCC_PREFIX_HEADER = "MultipleImagePicker/Misc/MultipleImagePicker-Prefix.pch";
				GCC_PREPROCESSOR_DEFINITIONS = (
					"DEBUG=1",
					"$(inherited)",
				);
				INFOPLIST_FILE = "MultipleImagePickerTests/MultipleImagePickerTests-Info.plist";
				LIBRARY_SEARCH_PATHS = (
					"$(inherited)",
					"$(PROJECT_DIR)/MultipleImagePicker/Libs/BlocksKit",
				);
				PRODUCT_NAME = "$(TARGET_NAME)";
				TEST_HOST = "$(BUNDLE_LOADER)";
				WRAPPER_EXTENSION = xctest;
			};
			name = Debug;
		};
		55C3BE9218EF632D00E601DE /* Release */ = {
			isa = XCBuildConfiguration;
			buildSettings = {
				BUNDLE_LOADER = "$(BUILT_PRODUCTS_DIR)/MultipleImagePicker.app/MultipleImagePicker";
				FRAMEWORK_SEARCH_PATHS = (
					"$(SDKROOT)/Developer/Library/Frameworks",
					"$(inherited)",
					"$(DEVELOPER_FRAMEWORKS_DIR)",
				);
				GCC_PRECOMPILE_PREFIX_HEADER = YES;
				GCC_PREFIX_HEADER = "MultipleImagePicker/Misc/MultipleImagePicker-Prefix.pch";
				INFOPLIST_FILE = "MultipleImagePickerTests/MultipleImagePickerTests-Info.plist";
				LIBRARY_SEARCH_PATHS = (
					"$(inherited)",
					"$(PROJECT_DIR)/MultipleImagePicker/Libs/BlocksKit",
				);
				PRODUCT_NAME = "$(TARGET_NAME)";
				TEST_HOST = "$(BUNDLE_LOADER)";
				WRAPPER_EXTENSION = xctest;
			};
			name = Release;
		};
/* End XCBuildConfiguration section */

/* Begin XCConfigurationList section */
		55C3BE5C18EF632D00E601DE /* Build configuration list for PBXProject "MultipleImagePicker" */ = {
			isa = XCConfigurationList;
			buildConfigurations = (
				55C3BE8B18EF632D00E601DE /* Debug */,
				55C3BE8C18EF632D00E601DE /* Release */,
			);
			defaultConfigurationIsVisible = 0;
			defaultConfigurationName = Release;
		};
		55C3BE8D18EF632D00E601DE /* Build configuration list for PBXNativeTarget "MultipleImagePicker" */ = {
			isa = XCConfigurationList;
			buildConfigurations = (
				55C3BE8E18EF632D00E601DE /* Debug */,
				55C3BE8F18EF632D00E601DE /* Release */,
			);
			defaultConfigurationIsVisible = 0;
			defaultConfigurationName = Release;
		};
		55C3BE9018EF632D00E601DE /* Build configuration list for PBXNativeTarget "MultipleImagePickerTests" */ = {
			isa = XCConfigurationList;
			buildConfigurations = (
				55C3BE9118EF632D00E601DE /* Debug */,
				55C3BE9218EF632D00E601DE /* Release */,
			);
			defaultConfigurationIsVisible = 0;
			defaultConfigurationName = Release;
		};
/* End XCConfigurationList section */
	};
	rootObject = 55C3BE5918EF632D00E601DE /* Project object */;
}
