// !$*UTF8*$!
{
	archiveVersion = 1;
	classes = {
	};
	objectVersion = 46;
	objects = {

/* Begin PBXBuildFile section */
		46CC8786E44A11A032FC5CEB /* Pods_BSImagePickerExampleTests.framework in Frameworks */ = {isa = PBXBuildFile; fileRef = 3FF874AB2D329493E738A236 /* Pods_BSImagePickerExampleTests.framework */; settings = {ATTRIBUTES = (Weak, ); }; };
		5573E9021AECAC0600A82E74 /* AppDelegate.swift in Sources */ = {isa = PBXBuildFile; fileRef = 5573E9011AECAC0600A82E74 /* AppDelegate.swift */; };
		5573E9041AECAC0600A82E74 /* ViewController.swift in Sources */ = {isa = PBXBuildFile; fileRef = 5573E9031AECAC0600A82E74 /* ViewController.swift */; };
		5573E9071AECAC0600A82E74 /* Main.storyboard in Resources */ = {isa = PBXBuildFile; fileRef = 5573E9051AECAC0600A82E74 /* Main.storyboard */; };
		5573E9091AECAC0600A82E74 /* Images.xcassets in Resources */ = {isa = PBXBuildFile; fileRef = 5573E9081AECAC0600A82E74 /* Images.xcassets */; };
		5573E90C1AECAC0600A82E74 /* LaunchScreen.xib in Resources */ = {isa = PBXBuildFile; fileRef = 5573E90A1AECAC0600A82E74 /* LaunchScreen.xib */; };
		558834941B0E3243000FF4FE /* main.m in Sources */ = {isa = PBXBuildFile; fileRef = 558834931B0E3243000FF4FE /* main.m */; };
		558834971B0E3243000FF4FE /* AppDelegate.m in Sources */ = {isa = PBXBuildFile; fileRef = 558834961B0E3243000FF4FE /* AppDelegate.m */; };
		5588349A1B0E3243000FF4FE /* ViewController.m in Sources */ = {isa = PBXBuildFile; fileRef = 558834991B0E3243000FF4FE /* ViewController.m */; };
		5588349D1B0E3243000FF4FE /* Main.storyboard in Resources */ = {isa = PBXBuildFile; fileRef = 5588349B1B0E3243000FF4FE /* Main.storyboard */; };
		5588349F1B0E3243000FF4FE /* Images.xcassets in Resources */ = {isa = PBXBuildFile; fileRef = 5588349E1B0E3243000FF4FE /* Images.xcassets */; };
		558834A21B0E3243000FF4FE /* LaunchScreen.xib in Resources */ = {isa = PBXBuildFile; fileRef = 558834A01B0E3243000FF4FE /* LaunchScreen.xib */; };
		558834BB1B0E38F2000FF4FE /* ImagePickerViewTests.swift in Sources */ = {isa = PBXBuildFile; fileRef = 558834BA1B0E38F2000FF4FE /* ImagePickerViewTests.swift */; };
		80F38842667288D37FB63AEF /* Pods_BSImagePickerObjectiveCExample.framework in Frameworks */ = {isa = PBXBuildFile; fileRef = 26515536695B76E37CF65B2B /* Pods_BSImagePickerObjectiveCExample.framework */; settings = {ATTRIBUTES = (Weak, ); }; };
		D74D4C8F5A343AF7AA961268 /* Pods_BSImagePickerExample.framework in Frameworks */ = {isa = PBXBuildFile; fileRef = 0315608F4D5EF6DAB50AEA52 /* Pods_BSImagePickerExample.framework */; settings = {ATTRIBUTES = (Weak, ); }; };
/* End PBXBuildFile section */

/* Begin PBXContainerItemProxy section */
		5573E9121AECAC0600A82E74 /* PBXContainerItemProxy */ = {
			isa = PBXContainerItemProxy;
			containerPortal = 5573E8F41AECAC0600A82E74 /* Project object */;
			proxyType = 1;
			remoteGlobalIDString = 5573E8FB1AECAC0600A82E74;
			remoteInfo = BSImagePickerExample;
		};
/* End PBXContainerItemProxy section */

/* Begin PBXFileReference section */
		0315608F4D5EF6DAB50AEA52 /* Pods_BSImagePickerExample.framework */ = {isa = PBXFileReference; explicitFileType = wrapper.framework; includeInIndex = 0; path = Pods_BSImagePickerExample.framework; sourceTree = BUILT_PRODUCTS_DIR; };
		26515536695B76E37CF65B2B /* Pods_BSImagePickerObjectiveCExample.framework */ = {isa = PBXFileReference; explicitFileType = wrapper.framework; includeInIndex = 0; path = Pods_BSImagePickerObjectiveCExample.framework; sourceTree = BUILT_PRODUCTS_DIR; };
		35E4EBD638F46064234F70BB /* Pods-BSImagePickerExampleTests.release.xcconfig */ = {isa = PBXFileReference; includeInIndex = 1; lastKnownFileType = text.xcconfig; name = "Pods-BSImagePickerExampleTests.release.xcconfig"; path = "Pods/Target Support Files/Pods-BSImagePickerExampleTests/Pods-BSImagePickerExampleTests.release.xcconfig"; sourceTree = "<group>"; };
		3FF874AB2D329493E738A236 /* Pods_BSImagePickerExampleTests.framework */ = {isa = PBXFileReference; explicitFileType = wrapper.framework; includeInIndex = 0; path = Pods_BSImagePickerExampleTests.framework; sourceTree = BUILT_PRODUCTS_DIR; };
		5573E8FC1AECAC0600A82E74 /* BSImagePickerExample.app */ = {isa = PBXFileReference; explicitFileType = wrapper.application; includeInIndex = 0; path = BSImagePickerExample.app; sourceTree = BUILT_PRODUCTS_DIR; };
		5573E9001AECAC0600A82E74 /* Info.plist */ = {isa = PBXFileReference; lastKnownFileType = text.plist.xml; path = Info.plist; sourceTree = "<group>"; };
		5573E9011AECAC0600A82E74 /* AppDelegate.swift */ = {isa = PBXFileReference; lastKnownFileType = sourcecode.swift; path = AppDelegate.swift; sourceTree = "<group>"; };
		5573E9031AECAC0600A82E74 /* ViewController.swift */ = {isa = PBXFileReference; lastKnownFileType = sourcecode.swift; path = ViewController.swift; sourceTree = "<group>"; };
		5573E9061AECAC0600A82E74 /* Base */ = {isa = PBXFileReference; lastKnownFileType = file.storyboard; name = Base; path = Base.lproj/Main.storyboard; sourceTree = "<group>"; };
		5573E9081AECAC0600A82E74 /* Images.xcassets */ = {isa = PBXFileReference; lastKnownFileType = folder.assetcatalog; path = Images.xcassets; sourceTree = "<group>"; };
		5573E90B1AECAC0600A82E74 /* Base */ = {isa = PBXFileReference; lastKnownFileType = file.xib; name = Base; path = Base.lproj/LaunchScreen.xib; sourceTree = "<group>"; };
		5573E9111AECAC0600A82E74 /* BSImagePickerExampleTests.xctest */ = {isa = PBXFileReference; explicitFileType = wrapper.cfbundle; includeInIndex = 0; path = BSImagePickerExampleTests.xctest; sourceTree = BUILT_PRODUCTS_DIR; };
		5573E9161AECAC0600A82E74 /* Info.plist */ = {isa = PBXFileReference; lastKnownFileType = text.plist.xml; path = Info.plist; sourceTree = "<group>"; };
		5588348F1B0E3243000FF4FE /* BSImagePickerObjectiveCExample.app */ = {isa = PBXFileReference; explicitFileType = wrapper.application; includeInIndex = 0; path = BSImagePickerObjectiveCExample.app; sourceTree = BUILT_PRODUCTS_DIR; };
		558834921B0E3243000FF4FE /* Info.plist */ = {isa = PBXFileReference; lastKnownFileType = text.plist.xml; path = Info.plist; sourceTree = "<group>"; };
		558834931B0E3243000FF4FE /* main.m */ = {isa = PBXFileReference; lastKnownFileType = sourcecode.c.objc; path = main.m; sourceTree = "<group>"; };
		558834951B0E3243000FF4FE /* AppDelegate.h */ = {isa = PBXFileReference; lastKnownFileType = sourcecode.c.h; path = AppDelegate.h; sourceTree = "<group>"; };
		558834961B0E3243000FF4FE /* AppDelegate.m */ = {isa = PBXFileReference; lastKnownFileType = sourcecode.c.objc; path = AppDelegate.m; sourceTree = "<group>"; };
		558834981B0E3243000FF4FE /* ViewController.h */ = {isa = PBXFileReference; lastKnownFileType = sourcecode.c.h; path = ViewController.h; sourceTree = "<group>"; };
		558834991B0E3243000FF4FE /* ViewController.m */ = {isa = PBXFileReference; lastKnownFileType = sourcecode.c.objc; path = ViewController.m; sourceTree = "<group>"; };
		5588349C1B0E3243000FF4FE /* Base */ = {isa = PBXFileReference; lastKnownFileType = file.storyboard; name = Base; path = Base.lproj/Main.storyboard; sourceTree = "<group>"; };
		5588349E1B0E3243000FF4FE /* Images.xcassets */ = {isa = PBXFileReference; lastKnownFileType = folder.assetcatalog; path = Images.xcassets; sourceTree = "<group>"; };
		558834A11B0E3243000FF4FE /* Base */ = {isa = PBXFileReference; lastKnownFileType = file.xib; name = Base; path = Base.lproj/LaunchScreen.xib; sourceTree = "<group>"; };
		558834B91B0E38F1000FF4FE /* BSImagePickerExampleTests-Bridging-Header.h */ = {isa = PBXFileReference; lastKnownFileType = sourcecode.c.h; path = "BSImagePickerExampleTests-Bridging-Header.h"; sourceTree = "<group>"; };
		558834BA1B0E38F2000FF4FE /* ImagePickerViewTests.swift */ = {isa = PBXFileReference; fileEncoding = 4; lastKnownFileType = sourcecode.swift; path = ImagePickerViewTests.swift; sourceTree = "<group>"; };
		88F135AD834589F5E7D74C2E /* Pods-BSImagePickerExample.debug.xcconfig */ = {isa = PBXFileReference; includeInIndex = 1; lastKnownFileType = text.xcconfig; name = "Pods-BSImagePickerExample.debug.xcconfig"; path = "Pods/Target Support Files/Pods-BSImagePickerExample/Pods-BSImagePickerExample.debug.xcconfig"; sourceTree = "<group>"; };
		936B0C5304B03DC95C5D8AC2 /* Pods-BSImagePickerObjectiveCExample.release.xcconfig */ = {isa = PBXFileReference; includeInIndex = 1; lastKnownFileType = text.xcconfig; name = "Pods-BSImagePickerObjectiveCExample.release.xcconfig"; path = "Pods/Target Support Files/Pods-BSImagePickerObjectiveCExample/Pods-BSImagePickerObjectiveCExample.release.xcconfig"; sourceTree = "<group>"; };
		A440C84D4FFF450C1D203AB3 /* Pods-BSImagePickerObjectiveCExample.debug.xcconfig */ = {isa = PBXFileReference; includeInIndex = 1; lastKnownFileType = text.xcconfig; name = "Pods-BSImagePickerObjectiveCExample.debug.xcconfig"; path = "Pods/Target Support Files/Pods-BSImagePickerObjectiveCExample/Pods-BSImagePickerObjectiveCExample.debug.xcconfig"; sourceTree = "<group>"; };
		B412693E67BE2E3E285BEF61 /* Pods-BSImagePickerExample.release.xcconfig */ = {isa = PBXFileReference; includeInIndex = 1; lastKnownFileType = text.xcconfig; name = "Pods-BSImagePickerExample.release.xcconfig"; path = "Pods/Target Support Files/Pods-BSImagePickerExample/Pods-BSImagePickerExample.release.xcconfig"; sourceTree = "<group>"; };
		F379D3C2022B2FB0CCB9469C /* Pods-BSImagePickerExampleTests.debug.xcconfig */ = {isa = PBXFileReference; includeInIndex = 1; lastKnownFileType = text.xcconfig; name = "Pods-BSImagePickerExampleTests.debug.xcconfig"; path = "Pods/Target Support Files/Pods-BSImagePickerExampleTests/Pods-BSImagePickerExampleTests.debug.xcconfig"; sourceTree = "<group>"; };
/* End PBXFileReference section */

/* Begin PBXFrameworksBuildPhase section */
		5573E8F91AECAC0600A82E74 /* Frameworks */ = {
			isa = PBXFrameworksBuildPhase;
			buildActionMask = 2147483647;
			files = (
				D74D4C8F5A343AF7AA961268 /* Pods_BSImagePickerExample.framework in Frameworks */,
			);
			runOnlyForDeploymentPostprocessing = 0;
		};
		5573E90E1AECAC0600A82E74 /* Frameworks */ = {
			isa = PBXFrameworksBuildPhase;
			buildActionMask = 2147483647;
			files = (
				46CC8786E44A11A032FC5CEB /* Pods_BSImagePickerExampleTests.framework in Frameworks */,
			);
			runOnlyForDeploymentPostprocessing = 0;
		};
		5588348C1B0E3243000FF4FE /* Frameworks */ = {
			isa = PBXFrameworksBuildPhase;
			buildActionMask = 2147483647;
			files = (
				80F38842667288D37FB63AEF /* Pods_BSImagePickerObjectiveCExample.framework in Frameworks */,
			);
			runOnlyForDeploymentPostprocessing = 0;
		};
/* End PBXFrameworksBuildPhase section */

/* Begin PBXGroup section */
		02645CB051A5FB797577D944 /* Frameworks */ = {
			isa = PBXGroup;
			children = (
				0315608F4D5EF6DAB50AEA52 /* Pods_BSImagePickerExample.framework */,
				3FF874AB2D329493E738A236 /* Pods_BSImagePickerExampleTests.framework */,
				26515536695B76E37CF65B2B /* Pods_BSImagePickerObjectiveCExample.framework */,
			);
			name = Frameworks;
			sourceTree = "<group>";
		};
		25DA889AA7AA2806D1D57AD3 /* Pods */ = {
			isa = PBXGroup;
			children = (
				88F135AD834589F5E7D74C2E /* Pods-BSImagePickerExample.debug.xcconfig */,
				B412693E67BE2E3E285BEF61 /* Pods-BSImagePickerExample.release.xcconfig */,
				F379D3C2022B2FB0CCB9469C /* Pods-BSImagePickerExampleTests.debug.xcconfig */,
				35E4EBD638F46064234F70BB /* Pods-BSImagePickerExampleTests.release.xcconfig */,
				A440C84D4FFF450C1D203AB3 /* Pods-BSImagePickerObjectiveCExample.debug.xcconfig */,
				936B0C5304B03DC95C5D8AC2 /* Pods-BSImagePickerObjectiveCExample.release.xcconfig */,
			);
			name = Pods;
			sourceTree = "<group>";
		};
		5573E8F31AECAC0600A82E74 = {
			isa = PBXGroup;
			children = (
				5573E8FE1AECAC0600A82E74 /* BSImagePickerExample */,
				5573E9141AECAC0600A82E74 /* BSImagePickerExampleTests */,
				558834901B0E3243000FF4FE /* BSImagePickerObjectiveCExample */,
				5573E8FD1AECAC0600A82E74 /* Products */,
				25DA889AA7AA2806D1D57AD3 /* Pods */,
				02645CB051A5FB797577D944 /* Frameworks */,
			);
			sourceTree = "<group>";
		};
		5573E8FD1AECAC0600A82E74 /* Products */ = {
			isa = PBXGroup;
			children = (
				5573E8FC1AECAC0600A82E74 /* BSImagePickerExample.app */,
				5573E9111AECAC0600A82E74 /* BSImagePickerExampleTests.xctest */,
				5588348F1B0E3243000FF4FE /* BSImagePickerObjectiveCExample.app */,
			);
			name = Products;
			sourceTree = "<group>";
		};
		5573E8FE1AECAC0600A82E74 /* BSImagePickerExample */ = {
			isa = PBXGroup;
			children = (
				5573E9011AECAC0600A82E74 /* AppDelegate.swift */,
				5573E9031AECAC0600A82E74 /* ViewController.swift */,
				5573E9051AECAC0600A82E74 /* Main.storyboard */,
				5573E9081AECAC0600A82E74 /* Images.xcassets */,
				5573E90A1AECAC0600A82E74 /* LaunchScreen.xib */,
				5573E8FF1AECAC0600A82E74 /* Supporting Files */,
			);
			path = BSImagePickerExample;
			sourceTree = "<group>";
		};
		5573E8FF1AECAC0600A82E74 /* Supporting Files */ = {
			isa = PBXGroup;
			children = (
				5573E9001AECAC0600A82E74 /* Info.plist */,
			);
			name = "Supporting Files";
			sourceTree = "<group>";
		};
		5573E9141AECAC0600A82E74 /* BSImagePickerExampleTests */ = {
			isa = PBXGroup;
			children = (
				5573E9151AECAC0600A82E74 /* Supporting Files */,
				558834BA1B0E38F2000FF4FE /* ImagePickerViewTests.swift */,
				558834B91B0E38F1000FF4FE /* BSImagePickerExampleTests-Bridging-Header.h */,
			);
			path = BSImagePickerExampleTests;
			sourceTree = "<group>";
		};
		5573E9151AECAC0600A82E74 /* Supporting Files */ = {
			isa = PBXGroup;
			children = (
				5573E9161AECAC0600A82E74 /* Info.plist */,
			);
			name = "Supporting Files";
			sourceTree = "<group>";
		};
		558834901B0E3243000FF4FE /* BSImagePickerObjectiveCExample */ = {
			isa = PBXGroup;
			children = (
				558834951B0E3243000FF4FE /* AppDelegate.h */,
				558834961B0E3243000FF4FE /* AppDelegate.m */,
				558834981B0E3243000FF4FE /* ViewController.h */,
				558834991B0E3243000FF4FE /* ViewController.m */,
				5588349B1B0E3243000FF4FE /* Main.storyboard */,
				5588349E1B0E3243000FF4FE /* Images.xcassets */,
				558834A01B0E3243000FF4FE /* LaunchScreen.xib */,
				558834911B0E3243000FF4FE /* Supporting Files */,
			);
			path = BSImagePickerObjectiveCExample;
			sourceTree = "<group>";
		};
		558834911B0E3243000FF4FE /* Supporting Files */ = {
			isa = PBXGroup;
			children = (
				558834921B0E3243000FF4FE /* Info.plist */,
				558834931B0E3243000FF4FE /* main.m */,
			);
			name = "Supporting Files";
			sourceTree = "<group>";
		};
/* End PBXGroup section */

/* Begin PBXNativeTarget section */
		5573E8FB1AECAC0600A82E74 /* BSImagePickerExample */ = {
			isa = PBXNativeTarget;
			buildConfigurationList = 5573E91B1AECAC0600A82E74 /* Build configuration list for PBXNativeTarget "BSImagePickerExample" */;
			buildPhases = (
				8D07F1073F40AC802CCD6F28 /* Check Pods Manifest.lock */,
				5573E8F81AECAC0600A82E74 /* Sources */,
				5573E8F91AECAC0600A82E74 /* Frameworks */,
				5573E8FA1AECAC0600A82E74 /* Resources */,
				DDBFCA7E921D78486EFFE0C1 /* Embed Pods Frameworks */,
				22F090565D02371244186B01 /* Copy Pods Resources */,
			);
			buildRules = (
			);
			dependencies = (
			);
			name = BSImagePickerExample;
			productName = BSImagePickerExample;
			productReference = 5573E8FC1AECAC0600A82E74 /* BSImagePickerExample.app */;
			productType = "com.apple.product-type.application";
		};
		5573E9101AECAC0600A82E74 /* BSImagePickerExampleTests */ = {
			isa = PBXNativeTarget;
			buildConfigurationList = 5573E91E1AECAC0600A82E74 /* Build configuration list for PBXNativeTarget "BSImagePickerExampleTests" */;
			buildPhases = (
				92B33AC2B76FF76B2A9839A9 /* Check Pods Manifest.lock */,
				5573E90D1AECAC0600A82E74 /* Sources */,
				5573E90E1AECAC0600A82E74 /* Frameworks */,
				5573E90F1AECAC0600A82E74 /* Resources */,
				D020175B196EBC960F831CD4 /* Embed Pods Frameworks */,
				628FF45EA1D552771184F086 /* Copy Pods Resources */,
			);
			buildRules = (
			);
			dependencies = (
				5573E9131AECAC0600A82E74 /* PBXTargetDependency */,
			);
			name = BSImagePickerExampleTests;
			productName = BSImagePickerExampleTests;
			productReference = 5573E9111AECAC0600A82E74 /* BSImagePickerExampleTests.xctest */;
			productType = "com.apple.product-type.bundle.unit-test";
		};
		5588348E1B0E3243000FF4FE /* BSImagePickerObjectiveCExample */ = {
			isa = PBXNativeTarget;
			buildConfigurationList = 558834B31B0E3243000FF4FE /* Build configuration list for PBXNativeTarget "BSImagePickerObjectiveCExample" */;
			buildPhases = (
				5BB8BA2F781C1CD75730C27A /* Check Pods Manifest.lock */,
				5588348B1B0E3243000FF4FE /* Sources */,
				5588348C1B0E3243000FF4FE /* Frameworks */,
				5588348D1B0E3243000FF4FE /* Resources */,
				F5EF4FC43D5DA43DF80BD438 /* Embed Pods Frameworks */,
				AA9184462EBA0FF3FA8556D8 /* Copy Pods Resources */,
			);
			buildRules = (
			);
			dependencies = (
			);
			name = BSImagePickerObjectiveCExample;
			productName = BSImagePickerObjectiveCExample;
			productReference = 5588348F1B0E3243000FF4FE /* BSImagePickerObjectiveCExample.app */;
			productType = "com.apple.product-type.application";
		};
/* End PBXNativeTarget section */

/* Begin PBXProject section */
		5573E8F41AECAC0600A82E74 /* Project object */ = {
			isa = PBXProject;
			attributes = {
				LastSwiftMigration = 0700;
				LastSwiftUpdateCheck = 0700;
				LastUpgradeCheck = 0700;
				ORGANIZATIONNAME = "Joakim Gyllström";
				TargetAttributes = {
					5573E8FB1AECAC0600A82E74 = {
						CreatedOnToolsVersion = 6.3.1;
					};
					5573E9101AECAC0600A82E74 = {
						CreatedOnToolsVersion = 6.3.1;
						TestTargetID = 5573E8FB1AECAC0600A82E74;
					};
					5588348E1B0E3243000FF4FE = {
						CreatedOnToolsVersion = 6.3.2;
					};
				};
			};
			buildConfigurationList = 5573E8F71AECAC0600A82E74 /* Build configuration list for PBXProject "BSImagePickerExample" */;
			compatibilityVersion = "Xcode 3.2";
			developmentRegion = English;
			hasScannedForEncodings = 0;
			knownRegions = (
				en,
				Base,
			);
			mainGroup = 5573E8F31AECAC0600A82E74;
			productRefGroup = 5573E8FD1AECAC0600A82E74 /* Products */;
			projectDirPath = "";
			projectRoot = "";
			targets = (
				5573E8FB1AECAC0600A82E74 /* BSImagePickerExample */,
				5573E9101AECAC0600A82E74 /* BSImagePickerExampleTests */,
				5588348E1B0E3243000FF4FE /* BSImagePickerObjectiveCExample */,
			);
		};
/* End PBXProject section */

/* Begin PBXResourcesBuildPhase section */
		5573E8FA1AECAC0600A82E74 /* Resources */ = {
			isa = PBXResourcesBuildPhase;
			buildActionMask = 2147483647;
			files = (
				5573E9071AECAC0600A82E74 /* Main.storyboard in Resources */,
				5573E90C1AECAC0600A82E74 /* LaunchScreen.xib in Resources */,
				5573E9091AECAC0600A82E74 /* Images.xcassets in Resources */,
			);
			runOnlyForDeploymentPostprocessing = 0;
		};
		5573E90F1AECAC0600A82E74 /* Resources */ = {
			isa = PBXResourcesBuildPhase;
			buildActionMask = 2147483647;
			files = (
			);
			runOnlyForDeploymentPostprocessing = 0;
		};
		5588348D1B0E3243000FF4FE /* Resources */ = {
			isa = PBXResourcesBuildPhase;
			buildActionMask = 2147483647;
			files = (
				5588349D1B0E3243000FF4FE /* Main.storyboard in Resources */,
				558834A21B0E3243000FF4FE /* LaunchScreen.xib in Resources */,
				5588349F1B0E3243000FF4FE /* Images.xcassets in Resources */,
			);
			runOnlyForDeploymentPostprocessing = 0;
		};
/* End PBXResourcesBuildPhase section */

/* Begin PBXShellScriptBuildPhase section */
		22F090565D02371244186B01 /* Copy Pods Resources */ = {
			isa = PBXShellScriptBuildPhase;
			buildActionMask = 2147483647;
			files = (
			);
			inputPaths = (
			);
			name = "Copy Pods Resources";
			outputPaths = (
			);
			runOnlyForDeploymentPostprocessing = 0;
			shellPath = /bin/sh;
			shellScript = "\"${SRCROOT}/Pods/Target Support Files/Pods-BSImagePickerExample/Pods-BSImagePickerExample-resources.sh\"\n";
			showEnvVarsInLog = 0;
		};
		5BB8BA2F781C1CD75730C27A /* Check Pods Manifest.lock */ = {
			isa = PBXShellScriptBuildPhase;
			buildActionMask = 2147483647;
			files = (
			);
			inputPaths = (
			);
			name = "Check Pods Manifest.lock";
			outputPaths = (
			);
			runOnlyForDeploymentPostprocessing = 0;
			shellPath = /bin/sh;
			shellScript = "diff \"${PODS_ROOT}/../Podfile.lock\" \"${PODS_ROOT}/Manifest.lock\" > /dev/null\nif [[ $? != 0 ]] ; then\n    cat << EOM\nerror: The sandbox is not in sync with the Podfile.lock. Run 'pod install' or update your CocoaPods installation.\nEOM\n    exit 1\nfi\n";
			showEnvVarsInLog = 0;
		};
		628FF45EA1D552771184F086 /* Copy Pods Resources */ = {
			isa = PBXShellScriptBuildPhase;
			buildActionMask = 2147483647;
			files = (
			);
			inputPaths = (
			);
			name = "Copy Pods Resources";
			outputPaths = (
			);
			runOnlyForDeploymentPostprocessing = 0;
			shellPath = /bin/sh;
			shellScript = "\"${SRCROOT}/Pods/Target Support Files/Pods-BSImagePickerExampleTests/Pods-BSImagePickerExampleTests-resources.sh\"\n";
			showEnvVarsInLog = 0;
		};
		8D07F1073F40AC802CCD6F28 /* Check Pods Manifest.lock */ = {
			isa = PBXShellScriptBuildPhase;
			buildActionMask = 2147483647;
			files = (
			);
			inputPaths = (
			);
			name = "Check Pods Manifest.lock";
			outputPaths = (
			);
			runOnlyForDeploymentPostprocessing = 0;
			shellPath = /bin/sh;
			shellScript = "diff \"${PODS_ROOT}/../Podfile.lock\" \"${PODS_ROOT}/Manifest.lock\" > /dev/null\nif [[ $? != 0 ]] ; then\n    cat << EOM\nerror: The sandbox is not in sync with the Podfile.lock. Run 'pod install' or update your CocoaPods installation.\nEOM\n    exit 1\nfi\n";
			showEnvVarsInLog = 0;
		};
		92B33AC2B76FF76B2A9839A9 /* Check Pods Manifest.lock */ = {
			isa = PBXShellScriptBuildPhase;
			buildActionMask = 2147483647;
			files = (
			);
			inputPaths = (
			);
			name = "Check Pods Manifest.lock";
			outputPaths = (
			);
			runOnlyForDeploymentPostprocessing = 0;
			shellPath = /bin/sh;
			shellScript = "diff \"${PODS_ROOT}/../Podfile.lock\" \"${PODS_ROOT}/Manifest.lock\" > /dev/null\nif [[ $? != 0 ]] ; then\n    cat << EOM\nerror: The sandbox is not in sync with the Podfile.lock. Run 'pod install' or update your CocoaPods installation.\nEOM\n    exit 1\nfi\n";
			showEnvVarsInLog = 0;
		};
		AA9184462EBA0FF3FA8556D8 /* Copy Pods Resources */ = {
			isa = PBXShellScriptBuildPhase;
			buildActionMask = 2147483647;
			files = (
			);
			inputPaths = (
			);
			name = "Copy Pods Resources";
			outputPaths = (
			);
			runOnlyForDeploymentPostprocessing = 0;
			shellPath = /bin/sh;
			shellScript = "\"${SRCROOT}/Pods/Target Support Files/Pods-BSImagePickerObjectiveCExample/Pods-BSImagePickerObjectiveCExample-resources.sh\"\n";
			showEnvVarsInLog = 0;
		};
		D020175B196EBC960F831CD4 /* Embed Pods Frameworks */ = {
			isa = PBXShellScriptBuildPhase;
			buildActionMask = 2147483647;
			files = (
			);
			inputPaths = (
			);
			name = "Embed Pods Frameworks";
			outputPaths = (
			);
			runOnlyForDeploymentPostprocessing = 0;
			shellPath = /bin/sh;
			shellScript = "\"${SRCROOT}/Pods/Target Support Files/Pods-BSImagePickerExampleTests/Pods-BSImagePickerExampleTests-frameworks.sh\"\n";
			showEnvVarsInLog = 0;
		};
		DDBFCA7E921D78486EFFE0C1 /* Embed Pods Frameworks */ = {
			isa = PBXShellScriptBuildPhase;
			buildActionMask = 2147483647;
			files = (
			);
			inputPaths = (
			);
			name = "Embed Pods Frameworks";
			outputPaths = (
			);
			runOnlyForDeploymentPostprocessing = 0;
			shellPath = /bin/sh;
			shellScript = "\"${SRCROOT}/Pods/Target Support Files/Pods-BSImagePickerExample/Pods-BSImagePickerExample-frameworks.sh\"\n";
			showEnvVarsInLog = 0;
		};
		F5EF4FC43D5DA43DF80BD438 /* Embed Pods Frameworks */ = {
			isa = PBXShellScriptBuildPhase;
			buildActionMask = 2147483647;
			files = (
			);
			inputPaths = (
			);
			name = "Embed Pods Frameworks";
			outputPaths = (
			);
			runOnlyForDeploymentPostprocessing = 0;
			shellPath = /bin/sh;
			shellScript = "\"${SRCROOT}/Pods/Target Support Files/Pods-BSImagePickerObjectiveCExample/Pods-BSImagePickerObjectiveCExample-frameworks.sh\"\n";
			showEnvVarsInLog = 0;
		};
/* End PBXShellScriptBuildPhase section */

/* Begin PBXSourcesBuildPhase section */
		5573E8F81AECAC0600A82E74 /* Sources */ = {
			isa = PBXSourcesBuildPhase;
			buildActionMask = 2147483647;
			files = (
				5573E9041AECAC0600A82E74 /* ViewController.swift in Sources */,
				5573E9021AECAC0600A82E74 /* AppDelegate.swift in Sources */,
			);
			runOnlyForDeploymentPostprocessing = 0;
		};
		5573E90D1AECAC0600A82E74 /* Sources */ = {
			isa = PBXSourcesBuildPhase;
			buildActionMask = 2147483647;
			files = (
				558834BB1B0E38F2000FF4FE /* ImagePickerViewTests.swift in Sources */,
			);
			runOnlyForDeploymentPostprocessing = 0;
		};
		5588348B1B0E3243000FF4FE /* Sources */ = {
			isa = PBXSourcesBuildPhase;
			buildActionMask = 2147483647;
			files = (
				5588349A1B0E3243000FF4FE /* ViewController.m in Sources */,
				558834971B0E3243000FF4FE /* AppDelegate.m in Sources */,
				558834941B0E3243000FF4FE /* main.m in Sources */,
			);
			runOnlyForDeploymentPostprocessing = 0;
		};
/* End PBXSourcesBuildPhase section */

/* Begin PBXTargetDependency section */
		5573E9131AECAC0600A82E74 /* PBXTargetDependency */ = {
			isa = PBXTargetDependency;
			target = 5573E8FB1AECAC0600A82E74 /* BSImagePickerExample */;
			targetProxy = 5573E9121AECAC0600A82E74 /* PBXContainerItemProxy */;
		};
/* End PBXTargetDependency section */

/* Begin PBXVariantGroup section */
		5573E9051AECAC0600A82E74 /* Main.storyboard */ = {
			isa = PBXVariantGroup;
			children = (
				5573E9061AECAC0600A82E74 /* Base */,
			);
			name = Main.storyboard;
			sourceTree = "<group>";
		};
		5573E90A1AECAC0600A82E74 /* LaunchScreen.xib */ = {
			isa = PBXVariantGroup;
			children = (
				5573E90B1AECAC0600A82E74 /* Base */,
			);
			name = LaunchScreen.xib;
			sourceTree = "<group>";
		};
		5588349B1B0E3243000FF4FE /* Main.storyboard */ = {
			isa = PBXVariantGroup;
			children = (
				5588349C1B0E3243000FF4FE /* Base */,
			);
			name = Main.storyboard;
			sourceTree = "<group>";
		};
		558834A01B0E3243000FF4FE /* LaunchScreen.xib */ = {
			isa = PBXVariantGroup;
			children = (
				558834A11B0E3243000FF4FE /* Base */,
			);
			name = LaunchScreen.xib;
			sourceTree = "<group>";
		};
/* End PBXVariantGroup section */

/* Begin XCBuildConfiguration section */
		5573E9191AECAC0600A82E74 /* Debug */ = {
			isa = XCBuildConfiguration;
			buildSettings = {
				ALWAYS_SEARCH_USER_PATHS = NO;
				CLANG_CXX_LANGUAGE_STANDARD = "gnu++0x";
				CLANG_CXX_LIBRARY = "libc++";
				CLANG_ENABLE_MODULES = YES;
				CLANG_ENABLE_OBJC_ARC = YES;
				CLANG_WARN_BOOL_CONVERSION = YES;
				CLANG_WARN_CONSTANT_CONVERSION = YES;
				CLANG_WARN_DIRECT_OBJC_ISA_USAGE = YES_ERROR;
				CLANG_WARN_EMPTY_BODY = YES;
				CLANG_WARN_ENUM_CONVERSION = YES;
				CLANG_WARN_INT_CONVERSION = YES;
				CLANG_WARN_OBJC_ROOT_CLASS = YES_ERROR;
				CLANG_WARN_UNREACHABLE_CODE = YES;
				CLANG_WARN__DUPLICATE_METHOD_MATCH = YES;
				"CODE_SIGN_IDENTITY[sdk=iphoneos*]" = "iPhone Developer";
				COPY_PHASE_STRIP = NO;
				DEBUG_INFORMATION_FORMAT = "dwarf-with-dsym";
				ENABLE_STRICT_OBJC_MSGSEND = YES;
				ENABLE_TESTABILITY = YES;
				GCC_C_LANGUAGE_STANDARD = gnu99;
				GCC_DYNAMIC_NO_PIC = NO;
				GCC_NO_COMMON_BLOCKS = YES;
				GCC_OPTIMIZATION_LEVEL = 0;
				GCC_PREPROCESSOR_DEFINITIONS = (
					"DEBUG=1",
					"$(inherited)",
				);
				GCC_SYMBOLS_PRIVATE_EXTERN = NO;
				GCC_WARN_64_TO_32_BIT_CONVERSION = YES;
				GCC_WARN_ABOUT_RETURN_TYPE = YES_ERROR;
				GCC_WARN_UNDECLARED_SELECTOR = YES;
				GCC_WARN_UNINITIALIZED_AUTOS = YES_AGGRESSIVE;
				GCC_WARN_UNUSED_FUNCTION = YES;
				GCC_WARN_UNUSED_VARIABLE = YES;
				IPHONEOS_DEPLOYMENT_TARGET = 8.0;
				MTL_ENABLE_DEBUG_INFO = YES;
				ONLY_ACTIVE_ARCH = YES;
				SDKROOT = iphoneos;
				SWIFT_OPTIMIZATION_LEVEL = "-Onone";
				TARGETED_DEVICE_FAMILY = "1,2";
			};
			name = Debug;
		};
		5573E91A1AECAC0600A82E74 /* Release */ = {
			isa = XCBuildConfiguration;
			buildSettings = {
				ALWAYS_SEARCH_USER_PATHS = NO;
				CLANG_CXX_LANGUAGE_STANDARD = "gnu++0x";
				CLANG_CXX_LIBRARY = "libc++";
				CLANG_ENABLE_MODULES = YES;
				CLANG_ENABLE_OBJC_ARC = YES;
				CLANG_WARN_BOOL_CONVERSION = YES;
				CLANG_WARN_CONSTANT_CONVERSION = YES;
				CLANG_WARN_DIRECT_OBJC_ISA_USAGE = YES_ERROR;
				CLANG_WARN_EMPTY_BODY = YES;
				CLANG_WARN_ENUM_CONVERSION = YES;
				CLANG_WARN_INT_CONVERSION = YES;
				CLANG_WARN_OBJC_ROOT_CLASS = YES_ERROR;
				CLANG_WARN_UNREACHABLE_CODE = YES;
				CLANG_WARN__DUPLICATE_METHOD_MATCH = YES;
				"CODE_SIGN_IDENTITY[sdk=iphoneos*]" = "iPhone Developer";
				COPY_PHASE_STRIP = NO;
				DEBUG_INFORMATION_FORMAT = "dwarf-with-dsym";
				ENABLE_NS_ASSERTIONS = NO;
				ENABLE_STRICT_OBJC_MSGSEND = YES;
				GCC_C_LANGUAGE_STANDARD = gnu99;
				GCC_NO_COMMON_BLOCKS = YES;
				GCC_WARN_64_TO_32_BIT_CONVERSION = YES;
				GCC_WARN_ABOUT_RETURN_TYPE = YES_ERROR;
				GCC_WARN_UNDECLARED_SELECTOR = YES;
				GCC_WARN_UNINITIALIZED_AUTOS = YES_AGGRESSIVE;
				GCC_WARN_UNUSED_FUNCTION = YES;
				GCC_WARN_UNUSED_VARIABLE = YES;
				IPHONEOS_DEPLOYMENT_TARGET = 8.0;
				MTL_ENABLE_DEBUG_INFO = NO;
				SDKROOT = iphoneos;
				TARGETED_DEVICE_FAMILY = "1,2";
				VALIDATE_PRODUCT = YES;
			};
			name = Release;
		};
		5573E91C1AECAC0600A82E74 /* Debug */ = {
			isa = XCBuildConfiguration;
			baseConfigurationReference = 88F135AD834589F5E7D74C2E /* Pods-BSImagePickerExample.debug.xcconfig */;
			buildSettings = {
				ASSETCATALOG_COMPILER_APPICON_NAME = AppIcon;
				INFOPLIST_FILE = BSImagePickerExample/Info.plist;
				LD_RUNPATH_SEARCH_PATHS = "$(inherited) @executable_path/Frameworks";
				PRODUCT_BUNDLE_IDENTIFIER = "se.backslashed.$(PRODUCT_NAME:rfc1034identifier)";
				PRODUCT_NAME = "$(TARGET_NAME)";
			};
			name = Debug;
		};
		5573E91D1AECAC0600A82E74 /* Release */ = {
			isa = XCBuildConfiguration;
			baseConfigurationReference = B412693E67BE2E3E285BEF61 /* Pods-BSImagePickerExample.release.xcconfig */;
			buildSettings = {
				ASSETCATALOG_COMPILER_APPICON_NAME = AppIcon;
				INFOPLIST_FILE = BSImagePickerExample/Info.plist;
				LD_RUNPATH_SEARCH_PATHS = "$(inherited) @executable_path/Frameworks";
				PRODUCT_BUNDLE_IDENTIFIER = "se.backslashed.$(PRODUCT_NAME:rfc1034identifier)";
				PRODUCT_NAME = "$(TARGET_NAME)";
			};
			name = Release;
		};
		5573E91F1AECAC0600A82E74 /* Debug */ = {
			isa = XCBuildConfiguration;
			baseConfigurationReference = F379D3C2022B2FB0CCB9469C /* Pods-BSImagePickerExampleTests.debug.xcconfig */;
			buildSettings = {
				BUNDLE_LOADER = "$(TEST_HOST)";
				CLANG_ENABLE_MODULES = YES;
				FRAMEWORK_SEARCH_PATHS = (
					"$(SDKROOT)/Developer/Library/Frameworks",
					"$(inherited)",
				);
				GCC_PREPROCESSOR_DEFINITIONS = (
					"DEBUG=1",
					"$(inherited)",
				);
				INFOPLIST_FILE = BSImagePickerExampleTests/Info.plist;
				LD_RUNPATH_SEARCH_PATHS = "$(inherited) @executable_path/Frameworks @loader_path/Frameworks";
				PRODUCT_BUNDLE_IDENTIFIER = "se.backslashed.$(PRODUCT_NAME:rfc1034identifier)";
				PRODUCT_NAME = "$(TARGET_NAME)";
				SWIFT_OBJC_BRIDGING_HEADER = "BSImagePickerExampleTests/BSImagePickerExampleTests-Bridging-Header.h";
				SWIFT_OPTIMIZATION_LEVEL = "-Onone";
				TEST_HOST = "$(BUILT_PRODUCTS_DIR)/BSImagePickerExample.app/BSImagePickerExample";
			};
			name = Debug;
		};
		5573E9201AECAC0600A82E74 /* Release */ = {
			isa = XCBuildConfiguration;
			baseConfigurationReference = 35E4EBD638F46064234F70BB /* Pods-BSImagePickerExampleTests.release.xcconfig */;
			buildSettings = {
				BUNDLE_LOADER = "$(TEST_HOST)";
				CLANG_ENABLE_MODULES = YES;
				FRAMEWORK_SEARCH_PATHS = (
					"$(SDKROOT)/Developer/Library/Frameworks",
					"$(inherited)",
				);
				INFOPLIST_FILE = BSImagePickerExampleTests/Info.plist;
				LD_RUNPATH_SEARCH_PATHS = "$(inherited) @executable_path/Frameworks @loader_path/Frameworks";
				PRODUCT_BUNDLE_IDENTIFIER = "se.backslashed.$(PRODUCT_NAME:rfc1034identifier)";
				PRODUCT_NAME = "$(TARGET_NAME)";
				SWIFT_OBJC_BRIDGING_HEADER = "BSImagePickerExampleTests/BSImagePickerExampleTests-Bridging-Header.h";
				TEST_HOST = "$(BUILT_PRODUCTS_DIR)/BSImagePickerExample.app/BSImagePickerExample";
			};
			name = Release;
		};
		558834AF1B0E3243000FF4FE /* Debug */ = {
			isa = XCBuildConfiguration;
			baseConfigurationReference = A440C84D4FFF450C1D203AB3 /* Pods-BSImagePickerObjectiveCExample.debug.xcconfig */;
			buildSettings = {
				ASSETCATALOG_COMPILER_APPICON_NAME = AppIcon;
				GCC_PREPROCESSOR_DEFINITIONS = (
					"DEBUG=1",
					"$(inherited)",
				);
				INFOPLIST_FILE = BSImagePickerObjectiveCExample/Info.plist;
				LD_RUNPATH_SEARCH_PATHS = "$(inherited) @executable_path/Frameworks";
				PRODUCT_BUNDLE_IDENTIFIER = "se.backslashed.$(PRODUCT_NAME:rfc1034identifier)";
				PRODUCT_NAME = "$(TARGET_NAME)";
			};
			name = Debug;
		};
		558834B01B0E3243000FF4FE /* Release */ = {
			isa = XCBuildConfiguration;
			baseConfigurationReference = 936B0C5304B03DC95C5D8AC2 /* Pods-BSImagePickerObjectiveCExample.release.xcconfig */;
			buildSettings = {
				ASSETCATALOG_COMPILER_APPICON_NAME = AppIcon;
				INFOPLIST_FILE = BSImagePickerObjectiveCExample/Info.plist;
				LD_RUNPATH_SEARCH_PATHS = "$(inherited) @executable_path/Frameworks";
				PRODUCT_BUNDLE_IDENTIFIER = "se.backslashed.$(PRODUCT_NAME:rfc1034identifier)";
				PRODUCT_NAME = "$(TARGET_NAME)";
			};
			name = Release;
		};
/* End XCBuildConfiguration section */

/* Begin XCConfigurationList section */
		5573E8F71AECAC0600A82E74 /* Build configuration list for PBXProject "BSImagePickerExample" */ = {
			isa = XCConfigurationList;
			buildConfigurations = (
				5573E9191AECAC0600A82E74 /* Debug */,
				5573E91A1AECAC0600A82E74 /* Release */,
			);
			defaultConfigurationIsVisible = 0;
			defaultConfigurationName = Release;
		};
		5573E91B1AECAC0600A82E74 /* Build configuration list for PBXNativeTarget "BSImagePickerExample" */ = {
			isa = XCConfigurationList;
			buildConfigurations = (
				5573E91C1AECAC0600A82E74 /* Debug */,
				5573E91D1AECAC0600A82E74 /* Release */,
			);
			defaultConfigurationIsVisible = 0;
			defaultConfigurationName = Release;
		};
		5573E91E1AECAC0600A82E74 /* Build configuration list for PBXNativeTarget "BSImagePickerExampleTests" */ = {
			isa = XCConfigurationList;
			buildConfigurations = (
				5573E91F1AECAC0600A82E74 /* Debug */,
				5573E9201AECAC0600A82E74 /* Release */,
			);
			defaultConfigurationIsVisible = 0;
			defaultConfigurationName = Release;
		};
		558834B31B0E3243000FF4FE /* Build configuration list for PBXNativeTarget "BSImagePickerObjectiveCExample" */ = {
			isa = XCConfigurationList;
			buildConfigurations = (
				558834AF1B0E3243000FF4FE /* Debug */,
				558834B01B0E3243000FF4FE /* Release */,
			);
			defaultConfigurationIsVisible = 0;
			defaultConfigurationName = Release;
		};
/* End XCConfigurationList section */
	};
	rootObject = 5573E8F41AECAC0600A82E74 /* Project object */;
}
